
Microsoft Visual Studio Solution File, Format Version 12.00
# Visual Studio 15
VisualStudioVersion = 15.0.26730.16
MinimumVisualStudioVersion = 10.0.40219.1
Project("{FAE04EC0-301F-11D3-BF4B-00C04F79EFBC}") = "_18app_devs.Android", "18app-devs\_18app_devs.Android\_18app_devs.Android.csproj", "{E737666F-FEC6-41E6-ABCD-E864F278BF88}"
EndProject
Project("{FAE04EC0-301F-11D3-BF4B-00C04F79EFBC}") = "_18app_devs.iOS", "18app-devs\_18app_devs.iOS\_18app_devs.iOS.csproj", "{0B004BFE-9815-41E2-9C44-842890016BC9}"
EndProject
Project("{FAE04EC0-301F-11D3-BF4B-00C04F79EFBC}") = "_18app_devs.UWP", "18app-devs\_18app_devs.UWP\_18app_devs.UWP.csproj", "{2D86B23B-2884-438C-A4E9-82E6CD0D4C7F}"
EndProject
Project("{D954291E-2A0B-460D-934E-DC6B0785DB48}") = "_18app_devs", "18app-devs\_18app_devs\_18app_devs.shproj", "{431142F5-F179-4969-8E5D-DA268B8016D6}"
EndProject
Global
	GlobalSection(SharedMSBuildProjectFiles) = preSolution
		18app-devs\_18app_devs\_18app_devs.projitems*{431142f5-f179-4969-8e5d-da268b8016d6}*SharedItemsImports = 13
	EndGlobalSection
	GlobalSection(SolutionConfigurationPlatforms) = preSolution
		Debug|Any CPU = Debug|Any CPU
		Debug|ARM = Debug|ARM
		Debug|iPhone = Debug|iPhone
		Debug|iPhoneSimulator = Debug|iPhoneSimulator
		Debug|x64 = Debug|x64
		Debug|x86 = Debug|x86
		Release|Any CPU = Release|Any CPU
		Release|ARM = Release|ARM
		Release|iPhone = Release|iPhone
		Release|iPhoneSimulator = Release|iPhoneSimulator
		Release|x64 = Release|x64
		Release|x86 = Release|x86
	EndGlobalSection
	GlobalSection(ProjectConfigurationPlatforms) = postSolution
		{E737666F-FEC6-41E6-ABCD-E864F278BF88}.Debug|Any CPU.ActiveCfg = Debug|Any CPU
		{E737666F-FEC6-41E6-ABCD-E864F278BF88}.Debug|Any CPU.Build.0 = Debug|Any CPU
		{E737666F-FEC6-41E6-ABCD-E864F278BF88}.Debug|Any CPU.Deploy.0 = Debug|Any CPU
		{E737666F-FEC6-41E6-ABCD-E864F278BF88}.Debug|ARM.ActiveCfg = Debug|Any CPU
		{E737666F-FEC6-41E6-ABCD-E864F278BF88}.Debug|ARM.Build.0 = Debug|Any CPU
		{E737666F-FEC6-41E6-ABCD-E864F278BF88}.Debug|ARM.Deploy.0 = Debug|Any CPU
		{E737666F-FEC6-41E6-ABCD-E864F278BF88}.Debug|iPhone.ActiveCfg = Debug|Any CPU
		{E737666F-FEC6-41E6-ABCD-E864F278BF88}.Debug|iPhone.Build.0 = Debug|Any CPU
		{E737666F-FEC6-41E6-ABCD-E864F278BF88}.Debug|iPhone.Deploy.0 = Debug|Any CPU
		{E737666F-FEC6-41E6-ABCD-E864F278BF88}.Debug|iPhoneSimulator.ActiveCfg = Debug|Any CPU
		{E737666F-FEC6-41E6-ABCD-E864F278BF88}.Debug|iPhoneSimulator.Build.0 = Debug|Any CPU
		{E737666F-FEC6-41E6-ABCD-E864F278BF88}.Debug|iPhoneSimulator.Deploy.0 = Debug|Any CPU
		{E737666F-FEC6-41E6-ABCD-E864F278BF88}.Debug|x64.ActiveCfg = Debug|Any CPU
		{E737666F-FEC6-41E6-ABCD-E864F278BF88}.Debug|x64.Build.0 = Debug|Any CPU
		{E737666F-FEC6-41E6-ABCD-E864F278BF88}.Debug|x64.Deploy.0 = Debug|Any CPU
		{E737666F-FEC6-41E6-ABCD-E864F278BF88}.Debug|x86.ActiveCfg = Debug|Any CPU
		{E737666F-FEC6-41E6-ABCD-E864F278BF88}.Debug|x86.Build.0 = Debug|Any CPU
		{E737666F-FEC6-41E6-ABCD-E864F278BF88}.Debug|x86.Deploy.0 = Debug|Any CPU
		{E737666F-FEC6-41E6-ABCD-E864F278BF88}.Release|Any CPU.ActiveCfg = Release|Any CPU
		{E737666F-FEC6-41E6-ABCD-E864F278BF88}.Release|Any CPU.Build.0 = Release|Any CPU
		{E737666F-FEC6-41E6-ABCD-E864F278BF88}.Release|Any CPU.Deploy.0 = Release|Any CPU
		{E737666F-FEC6-41E6-ABCD-E864F278BF88}.Release|ARM.ActiveCfg = Release|Any CPU
		{E737666F-FEC6-41E6-ABCD-E864F278BF88}.Release|ARM.Build.0 = Release|Any CPU
		{E737666F-FEC6-41E6-ABCD-E864F278BF88}.Release|ARM.Deploy.0 = Release|Any CPU
		{E737666F-FEC6-41E6-ABCD-E864F278BF88}.Release|iPhone.ActiveCfg = Release|Any CPU
		{E737666F-FEC6-41E6-ABCD-E864F278BF88}.Release|iPhone.Build.0 = Release|Any CPU
		{E737666F-FEC6-41E6-ABCD-E864F278BF88}.Release|iPhone.Deploy.0 = Release|Any CPU
		{E737666F-FEC6-41E6-ABCD-E864F278BF88}.Release|iPhoneSimulator.ActiveCfg = Release|Any CPU
		{E737666F-FEC6-41E6-ABCD-E864F278BF88}.Release|iPhoneSimulator.Build.0 = Release|Any CPU
		{E737666F-FEC6-41E6-ABCD-E864F278BF88}.Release|iPhoneSimulator.Deploy.0 = Release|Any CPU
		{E737666F-FEC6-41E6-ABCD-E864F278BF88}.Release|x64.ActiveCfg = Release|Any CPU
		{E737666F-FEC6-41E6-ABCD-E864F278BF88}.Release|x64.Build.0 = Release|Any CPU
		{E737666F-FEC6-41E6-ABCD-E864F278BF88}.Release|x64.Deploy.0 = Release|Any CPU
		{E737666F-FEC6-41E6-ABCD-E864F278BF88}.Release|x86.ActiveCfg = Release|Any CPU
		{E737666F-FEC6-41E6-ABCD-E864F278BF88}.Release|x86.Build.0 = Release|Any CPU
		{E737666F-FEC6-41E6-ABCD-E864F278BF88}.Release|x86.Deploy.0 = Release|Any CPU
		{0B004BFE-9815-41E2-9C44-842890016BC9}.Debug|Any CPU.ActiveCfg = Debug|iPhone
		{0B004BFE-9815-41E2-9C44-842890016BC9}.Debug|ARM.ActiveCfg = Debug|iPhone
		{0B004BFE-9815-41E2-9C44-842890016BC9}.Debug|iPhone.ActiveCfg = Debug|iPhone
		{0B004BFE-9815-41E2-9C44-842890016BC9}.Debug|iPhone.Build.0 = Debug|iPhone
		{0B004BFE-9815-41E2-9C44-842890016BC9}.Debug|iPhoneSimulator.ActiveCfg = Debug|iPhoneSimulator
		{0B004BFE-9815-41E2-9C44-842890016BC9}.Debug|iPhoneSimulator.Build.0 = Debug|iPhoneSimulator
		{0B004BFE-9815-41E2-9C44-842890016BC9}.Debug|x64.ActiveCfg = Debug|iPhone
		{0B004BFE-9815-41E2-9C44-842890016BC9}.Debug|x86.ActiveCfg = Debug|iPhone
		{0B004BFE-9815-41E2-9C44-842890016BC9}.Release|Any CPU.ActiveCfg = Release|iPhone
		{0B004BFE-9815-41E2-9C44-842890016BC9}.Release|ARM.ActiveCfg = Release|iPhone
		{0B004BFE-9815-41E2-9C44-842890016BC9}.Release|iPhone.ActiveCfg = Release|iPhone
		{0B004BFE-9815-41E2-9C44-842890016BC9}.Release|iPhone.Build.0 = Release|iPhone
		{0B004BFE-9815-41E2-9C44-842890016BC9}.Release|iPhoneSimulator.ActiveCfg = Release|iPhoneSimulator
		{0B004BFE-9815-41E2-9C44-842890016BC9}.Release|iPhoneSimulator.Build.0 = Release|iPhoneSimulator
		{0B004BFE-9815-41E2-9C44-842890016BC9}.Release|x64.ActiveCfg = Release|iPhone
		{0B004BFE-9815-41E2-9C44-842890016BC9}.Release|x86.ActiveCfg = Release|iPhone
		{2D86B23B-2884-438C-A4E9-82E6CD0D4C7F}.Debug|Any CPU.ActiveCfg = Debug|x86
		{2D86B23B-2884-438C-A4E9-82E6CD0D4C7F}.Debug|ARM.ActiveCfg = Debug|ARM
		{2D86B23B-2884-438C-A4E9-82E6CD0D4C7F}.Debug|ARM.Build.0 = Debug|ARM
		{2D86B23B-2884-438C-A4E9-82E6CD0D4C7F}.Debug|ARM.Deploy.0 = Debug|ARM
		{2D86B23B-2884-438C-A4E9-82E6CD0D4C7F}.Debug|iPhone.ActiveCfg = Debug|x86
		{2D86B23B-2884-438C-A4E9-82E6CD0D4C7F}.Debug|iPhoneSimulator.ActiveCfg = Debug|x86
		{2D86B23B-2884-438C-A4E9-82E6CD0D4C7F}.Debug|x64.ActiveCfg = Debug|x64
		{2D86B23B-2884-438C-A4E9-82E6CD0D4C7F}.Debug|x64.Build.0 = Debug|x64
		{2D86B23B-2884-438C-A4E9-82E6CD0D4C7F}.Debug|x64.Deploy.0 = Debug|x64
		{2D86B23B-2884-438C-A4E9-82E6CD0D4C7F}.Debug|x86.ActiveCfg = Debug|x86
		{2D86B23B-2884-438C-A4E9-82E6CD0D4C7F}.Debug|x86.Build.0 = Debug|x86
		{2D86B23B-2884-438C-A4E9-82E6CD0D4C7F}.Debug|x86.Deploy.0 = Debug|x86
		{2D86B23B-2884-438C-A4E9-82E6CD0D4C7F}.Release|Any CPU.ActiveCfg = Release|x86
		{2D86B23B-2884-438C-A4E9-82E6CD0D4C7F}.Release|ARM.ActiveCfg = Release|ARM
		{2D86B23B-2884-438C-A4E9-82E6CD0D4C7F}.Release|ARM.Build.0 = Release|ARM
		{2D86B23B-2884-438C-A4E9-82E6CD0D4C7F}.Release|ARM.Deploy.0 = Release|ARM
		{2D86B23B-2884-438C-A4E9-82E6CD0D4C7F}.Release|iPhone.ActiveCfg = Release|x86
		{2D86B23B-2884-438C-A4E9-82E6CD0D4C7F}.Release|iPhoneSimulator.ActiveCfg = Release|x86
		{2D86B23B-2884-438C-A4E9-82E6CD0D4C7F}.Release|x64.ActiveCfg = Release|x64
		{2D86B23B-2884-438C-A4E9-82E6CD0D4C7F}.Release|x64.Build.0 = Release|x64
		{2D86B23B-2884-438C-A4E9-82E6CD0D4C7F}.Release|x64.Deploy.0 = Release|x64
		{2D86B23B-2884-438C-A4E9-82E6CD0D4C7F}.Release|x86.ActiveCfg = Release|x86
		{2D86B23B-2884-438C-A4E9-82E6CD0D4C7F}.Release|x86.Build.0 = Release|x86
		{2D86B23B-2884-438C-A4E9-82E6CD0D4C7F}.Release|x86.Deploy.0 = Release|x86
	EndGlobalSection
	GlobalSection(SolutionProperties) = preSolution
		HideSolutionNode = FALSE
	EndGlobalSection
	GlobalSection(ExtensibilityGlobals) = postSolution
		SolutionGuid = {372578D8-020A-4D5C-9BF5-78409D5114D9}
	EndGlobalSection
EndGlobal
