
Microsoft Visual Studio Solution File, Format Version 12.00
# Visual Studio 15
VisualStudioVersion = 15.0.26730.16
MinimumVisualStudioVersion = 10.0.40219.1
Project("{D954291E-2A0B-460D-934E-DC6B0785DB48}") = "_18app_devs", "18app-devs\_18app_devs\_18app_devs.shproj", "{03454A5C-4E5F-4DF8-8835-92C9613EDC32}"
EndProject
Project("{FAE04EC0-301F-11D3-BF4B-00C04F79EFBC}") = "_18app_devs.Android", "18app-devs\_18app_devs.Android\_18app_devs.Android.csproj", "{7162F47B-5237-4600-AD9F-F36CE8194543}"
EndProject
Project("{FAE04EC0-301F-11D3-BF4B-00C04F79EFBC}") = "_18app_devs.iOS", "18app-devs\_18app_devs.iOS\_18app_devs.iOS.csproj", "{6AE0E396-4619-471B-A751-DE4A7E098137}"
EndProject
Project("{FAE04EC0-301F-11D3-BF4B-00C04F79EFBC}") = "_18app_devs.UWP", "18app-devs\_18app_devs.UWP\_18app_devs.UWP.csproj", "{AD8739C5-97A5-4649-A617-276B3243EB34}"
EndProject
Global
	GlobalSection(SharedMSBuildProjectFiles) = preSolution
		18app-devs\_18app_devs\_18app_devs.projitems*{03454a5c-4e5f-4df8-8835-92c9613edc32}*SharedItemsImports = 13
		18app-devs\_18app_devs\_18app_devs.projitems*{6ae0e396-4619-471b-a751-de4a7e098137}*SharedItemsImports = 4
	EndGlobalSection
	GlobalSection(SolutionConfigurationPlatforms) = preSolution
		Debug|Any CPU = Debug|Any CPU
		Debug|ARM = Debug|ARM
		Debug|iPhone = Debug|iPhone
		Debug|iPhoneSimulator = Debug|iPhoneSimulator
		Debug|x64 = Debug|x64
		Debug|x86 = Debug|x86
		Release|Any CPU = Release|Any CPU
		Release|ARM = Release|ARM
		Release|iPhone = Release|iPhone
		Release|iPhoneSimulator = Release|iPhoneSimulator
		Release|x64 = Release|x64
		Release|x86 = Release|x86
	EndGlobalSection
	GlobalSection(ProjectConfigurationPlatforms) = postSolution
		{7162F47B-5237-4600-AD9F-F36CE8194543}.Debug|Any CPU.ActiveCfg = Debug|Any CPU
		{7162F47B-5237-4600-AD9F-F36CE8194543}.Debug|Any CPU.Build.0 = Debug|Any CPU
		{7162F47B-5237-4600-AD9F-F36CE8194543}.Debug|Any CPU.Deploy.0 = Debug|Any CPU
		{7162F47B-5237-4600-AD9F-F36CE8194543}.Debug|ARM.ActiveCfg = Debug|Any CPU
		{7162F47B-5237-4600-AD9F-F36CE8194543}.Debug|ARM.Build.0 = Debug|Any CPU
		{7162F47B-5237-4600-AD9F-F36CE8194543}.Debug|ARM.Deploy.0 = Debug|Any CPU
		{7162F47B-5237-4600-AD9F-F36CE8194543}.Debug|iPhone.ActiveCfg = Debug|Any CPU
		{7162F47B-5237-4600-AD9F-F36CE8194543}.Debug|iPhone.Build.0 = Debug|Any CPU
		{7162F47B-5237-4600-AD9F-F36CE8194543}.Debug|iPhone.Deploy.0 = Debug|Any CPU
		{7162F47B-5237-4600-AD9F-F36CE8194543}.Debug|iPhoneSimulator.ActiveCfg = Debug|Any CPU
		{7162F47B-5237-4600-AD9F-F36CE8194543}.Debug|iPhoneSimulator.Build.0 = Debug|Any CPU
		{7162F47B-5237-4600-AD9F-F36CE8194543}.Debug|iPhoneSimulator.Deploy.0 = Debug|Any CPU
		{7162F47B-5237-4600-AD9F-F36CE8194543}.Debug|x64.ActiveCfg = Debug|Any CPU
		{7162F47B-5237-4600-AD9F-F36CE8194543}.Debug|x64.Build.0 = Debug|Any CPU
		{7162F47B-5237-4600-AD9F-F36CE8194543}.Debug|x64.Deploy.0 = Debug|Any CPU
		{7162F47B-5237-4600-AD9F-F36CE8194543}.Debug|x86.ActiveCfg = Debug|Any CPU
		{7162F47B-5237-4600-AD9F-F36CE8194543}.Debug|x86.Build.0 = Debug|Any CPU
		{7162F47B-5237-4600-AD9F-F36CE8194543}.Debug|x86.Deploy.0 = Debug|Any CPU
		{7162F47B-5237-4600-AD9F-F36CE8194543}.Release|Any CPU.ActiveCfg = Release|Any CPU
		{7162F47B-5237-4600-AD9F-F36CE8194543}.Release|Any CPU.Build.0 = Release|Any CPU
		{7162F47B-5237-4600-AD9F-F36CE8194543}.Release|Any CPU.Deploy.0 = Release|Any CPU
		{7162F47B-5237-4600-AD9F-F36CE8194543}.Release|ARM.ActiveCfg = Release|Any CPU
		{7162F47B-5237-4600-AD9F-F36CE8194543}.Release|ARM.Build.0 = Release|Any CPU
		{7162F47B-5237-4600-AD9F-F36CE8194543}.Release|ARM.Deploy.0 = Release|Any CPU
		{7162F47B-5237-4600-AD9F-F36CE8194543}.Release|iPhone.ActiveCfg = Release|Any CPU
		{7162F47B-5237-4600-AD9F-F36CE8194543}.Release|iPhone.Build.0 = Release|Any CPU
		{7162F47B-5237-4600-AD9F-F36CE8194543}.Release|iPhone.Deploy.0 = Release|Any CPU
		{7162F47B-5237-4600-AD9F-F36CE8194543}.Release|iPhoneSimulator.ActiveCfg = Release|Any CPU
		{7162F47B-5237-4600-AD9F-F36CE8194543}.Release|iPhoneSimulator.Build.0 = Release|Any CPU
		{7162F47B-5237-4600-AD9F-F36CE8194543}.Release|iPhoneSimulator.Deploy.0 = Release|Any CPU
		{7162F47B-5237-4600-AD9F-F36CE8194543}.Release|x64.ActiveCfg = Release|Any CPU
		{7162F47B-5237-4600-AD9F-F36CE8194543}.Release|x64.Build.0 = Release|Any CPU
		{7162F47B-5237-4600-AD9F-F36CE8194543}.Release|x64.Deploy.0 = Release|Any CPU
		{7162F47B-5237-4600-AD9F-F36CE8194543}.Release|x86.ActiveCfg = Release|Any CPU
		{7162F47B-5237-4600-AD9F-F36CE8194543}.Release|x86.Build.0 = Release|Any CPU
		{7162F47B-5237-4600-AD9F-F36CE8194543}.Release|x86.Deploy.0 = Release|Any CPU
		{6AE0E396-4619-471B-A751-DE4A7E098137}.Debug|Any CPU.ActiveCfg = Debug|Any CPU
		{6AE0E396-4619-471B-A751-DE4A7E098137}.Debug|Any CPU.Build.0 = Debug|Any CPU
		{6AE0E396-4619-471B-A751-DE4A7E098137}.Debug|ARM.ActiveCfg = Debug|Any CPU
		{6AE0E396-4619-471B-A751-DE4A7E098137}.Debug|ARM.Build.0 = Debug|Any CPU
		{6AE0E396-4619-471B-A751-DE4A7E098137}.Debug|iPhone.ActiveCfg = Debug|iPhone
		{6AE0E396-4619-471B-A751-DE4A7E098137}.Debug|iPhone.Build.0 = Debug|iPhone
		{6AE0E396-4619-471B-A751-DE4A7E098137}.Debug|iPhoneSimulator.ActiveCfg = Debug|iPhoneSimulator
		{6AE0E396-4619-471B-A751-DE4A7E098137}.Debug|iPhoneSimulator.Build.0 = Debug|iPhoneSimulator
		{6AE0E396-4619-471B-A751-DE4A7E098137}.Debug|x64.ActiveCfg = Debug|Any CPU
		{6AE0E396-4619-471B-A751-DE4A7E098137}.Debug|x64.Build.0 = Debug|Any CPU
		{6AE0E396-4619-471B-A751-DE4A7E098137}.Debug|x86.ActiveCfg = Debug|Any CPU
		{6AE0E396-4619-471B-A751-DE4A7E098137}.Debug|x86.Build.0 = Debug|Any CPU
		{6AE0E396-4619-471B-A751-DE4A7E098137}.Release|Any CPU.ActiveCfg = Release|Any CPU
		{6AE0E396-4619-471B-A751-DE4A7E098137}.Release|Any CPU.Build.0 = Release|Any CPU
		{6AE0E396-4619-471B-A751-DE4A7E098137}.Release|ARM.ActiveCfg = Release|Any CPU
		{6AE0E396-4619-471B-A751-DE4A7E098137}.Release|ARM.Build.0 = Release|Any CPU
		{6AE0E396-4619-471B-A751-DE4A7E098137}.Release|iPhone.ActiveCfg = Release|iPhone
		{6AE0E396-4619-471B-A751-DE4A7E098137}.Release|iPhone.Build.0 = Release|iPhone
		{6AE0E396-4619-471B-A751-DE4A7E098137}.Release|iPhoneSimulator.ActiveCfg = Release|iPhoneSimulator
		{6AE0E396-4619-471B-A751-DE4A7E098137}.Release|iPhoneSimulator.Build.0 = Release|iPhoneSimulator
		{6AE0E396-4619-471B-A751-DE4A7E098137}.Release|x64.ActiveCfg = Release|Any CPU
		{6AE0E396-4619-471B-A751-DE4A7E098137}.Release|x64.Build.0 = Release|Any CPU
		{6AE0E396-4619-471B-A751-DE4A7E098137}.Release|x86.ActiveCfg = Release|Any CPU
		{6AE0E396-4619-471B-A751-DE4A7E098137}.Release|x86.Build.0 = Release|Any CPU
		{AD8739C5-97A5-4649-A617-276B3243EB34}.Debug|Any CPU.ActiveCfg = Debug|x86
		{AD8739C5-97A5-4649-A617-276B3243EB34}.Debug|ARM.ActiveCfg = Debug|ARM
		{AD8739C5-97A5-4649-A617-276B3243EB34}.Debug|ARM.Build.0 = Debug|ARM
		{AD8739C5-97A5-4649-A617-276B3243EB34}.Debug|ARM.Deploy.0 = Debug|ARM
		{AD8739C5-97A5-4649-A617-276B3243EB34}.Debug|iPhone.ActiveCfg = Debug|x86
		{AD8739C5-97A5-4649-A617-276B3243EB34}.Debug|iPhoneSimulator.ActiveCfg = Debug|x86
		{AD8739C5-97A5-4649-A617-276B3243EB34}.Debug|x64.ActiveCfg = Debug|x64
		{AD8739C5-97A5-4649-A617-276B3243EB34}.Debug|x64.Build.0 = Debug|x64
		{AD8739C5-97A5-4649-A617-276B3243EB34}.Debug|x64.Deploy.0 = Debug|x64
		{AD8739C5-97A5-4649-A617-276B3243EB34}.Debug|x86.ActiveCfg = Debug|x86
		{AD8739C5-97A5-4649-A617-276B3243EB34}.Debug|x86.Build.0 = Debug|x86
		{AD8739C5-97A5-4649-A617-276B3243EB34}.Debug|x86.Deploy.0 = Debug|x86
		{AD8739C5-97A5-4649-A617-276B3243EB34}.Release|Any CPU.ActiveCfg = Release|x86
		{AD8739C5-97A5-4649-A617-276B3243EB34}.Release|ARM.ActiveCfg = Release|ARM
		{AD8739C5-97A5-4649-A617-276B3243EB34}.Release|ARM.Build.0 = Release|ARM
		{AD8739C5-97A5-4649-A617-276B3243EB34}.Release|ARM.Deploy.0 = Release|ARM
		{AD8739C5-97A5-4649-A617-276B3243EB34}.Release|iPhone.ActiveCfg = Release|x86
		{AD8739C5-97A5-4649-A617-276B3243EB34}.Release|iPhoneSimulator.ActiveCfg = Release|x86
		{AD8739C5-97A5-4649-A617-276B3243EB34}.Release|x64.ActiveCfg = Release|x64
		{AD8739C5-97A5-4649-A617-276B3243EB34}.Release|x64.Build.0 = Release|x64
		{AD8739C5-97A5-4649-A617-276B3243EB34}.Release|x64.Deploy.0 = Release|x64
		{AD8739C5-97A5-4649-A617-276B3243EB34}.Release|x86.ActiveCfg = Release|x86
		{AD8739C5-97A5-4649-A617-276B3243EB34}.Release|x86.Build.0 = Release|x86
		{AD8739C5-97A5-4649-A617-276B3243EB34}.Release|x86.Deploy.0 = Release|x86
	EndGlobalSection
	GlobalSection(SolutionProperties) = preSolution
		HideSolutionNode = FALSE
	EndGlobalSection
	GlobalSection(ExtensibilityGlobals) = postSolution
		SolutionGuid = {8D272CDE-D0C3-4745-8539-44E7447C7800}
	EndGlobalSection
EndGlobal
