
Microsoft Visual Studio Solution File, Format Version 12.00
# Visual Studio 15
VisualStudioVersion = 15.0.27625.0
MinimumVisualStudioVersion = 10.0.40219.1
Project("{FAE04EC0-301F-11D3-BF4B-00C04F79EFBC}") = "18App.Android", "18App\18App.Android\18App.Android.csproj", "{12F10331-9E33-4697-AADA-591B01FFE93F}"
EndProject
Project("{FAE04EC0-301F-11D3-BF4B-00C04F79EFBC}") = "18App.iOS", "18App\18App.iOS\18App.iOS.csproj", "{3D07D79B-13AF-4218-8C0F-CC28753D8AEF}"
EndProject
Project("{FAE04EC0-301F-11D3-BF4B-00C04F79EFBC}") = "18App.UWP", "18App\18App.UWP\18App.UWP.csproj", "{53768698-4FAB-4D9C-9ADF-661B0313EE99}"
EndProject
Project("{FAE04EC0-301F-11D3-BF4B-00C04F79EFBC}") = "18App", "18App\18App\18App.csproj", "{E1DBB66C-A73F-4E0E-B782-8C7237AB83C4}"
EndProject
Global
	GlobalSection(SolutionConfigurationPlatforms) = preSolution
		Ad-Hoc|Any CPU = Ad-Hoc|Any CPU
		Ad-Hoc|ARM = Ad-Hoc|ARM
		Ad-Hoc|iPhone = Ad-Hoc|iPhone
		Ad-Hoc|iPhoneSimulator = Ad-Hoc|iPhoneSimulator
		Ad-Hoc|x64 = Ad-Hoc|x64
		Ad-Hoc|x86 = Ad-Hoc|x86
		AppStore|Any CPU = AppStore|Any CPU
		AppStore|ARM = AppStore|ARM
		AppStore|iPhone = AppStore|iPhone
		AppStore|iPhoneSimulator = AppStore|iPhoneSimulator
		AppStore|x64 = AppStore|x64
		AppStore|x86 = AppStore|x86
		Debug|Any CPU = Debug|Any CPU
		Debug|ARM = Debug|ARM
		Debug|iPhone = Debug|iPhone
		Debug|iPhoneSimulator = Debug|iPhoneSimulator
		Debug|x64 = Debug|x64
		Debug|x86 = Debug|x86
		Release|Any CPU = Release|Any CPU
		Release|ARM = Release|ARM
		Release|iPhone = Release|iPhone
		Release|iPhoneSimulator = Release|iPhoneSimulator
		Release|x64 = Release|x64
		Release|x86 = Release|x86
	EndGlobalSection
	GlobalSection(ProjectConfigurationPlatforms) = postSolution
		{12F10331-9E33-4697-AADA-591B01FFE93F}.Ad-Hoc|Any CPU.ActiveCfg = Release|Any CPU
		{12F10331-9E33-4697-AADA-591B01FFE93F}.Ad-Hoc|Any CPU.Build.0 = Release|Any CPU
		{12F10331-9E33-4697-AADA-591B01FFE93F}.Ad-Hoc|Any CPU.Deploy.0 = Release|Any CPU
		{12F10331-9E33-4697-AADA-591B01FFE93F}.Ad-Hoc|ARM.ActiveCfg = Release|Any CPU
		{12F10331-9E33-4697-AADA-591B01FFE93F}.Ad-Hoc|ARM.Build.0 = Release|Any CPU
		{12F10331-9E33-4697-AADA-591B01FFE93F}.Ad-Hoc|ARM.Deploy.0 = Release|Any CPU
		{12F10331-9E33-4697-AADA-591B01FFE93F}.Ad-Hoc|iPhone.ActiveCfg = Release|Any CPU
		{12F10331-9E33-4697-AADA-591B01FFE93F}.Ad-Hoc|iPhone.Build.0 = Release|Any CPU
		{12F10331-9E33-4697-AADA-591B01FFE93F}.Ad-Hoc|iPhone.Deploy.0 = Release|Any CPU
		{12F10331-9E33-4697-AADA-591B01FFE93F}.Ad-Hoc|iPhoneSimulator.ActiveCfg = Release|Any CPU
		{12F10331-9E33-4697-AADA-591B01FFE93F}.Ad-Hoc|iPhoneSimulator.Build.0 = Release|Any CPU
		{12F10331-9E33-4697-AADA-591B01FFE93F}.Ad-Hoc|iPhoneSimulator.Deploy.0 = Release|Any CPU
		{12F10331-9E33-4697-AADA-591B01FFE93F}.Ad-Hoc|x64.ActiveCfg = Release|Any CPU
		{12F10331-9E33-4697-AADA-591B01FFE93F}.Ad-Hoc|x64.Build.0 = Release|Any CPU
		{12F10331-9E33-4697-AADA-591B01FFE93F}.Ad-Hoc|x64.Deploy.0 = Release|Any CPU
		{12F10331-9E33-4697-AADA-591B01FFE93F}.Ad-Hoc|x86.ActiveCfg = Release|Any CPU
		{12F10331-9E33-4697-AADA-591B01FFE93F}.Ad-Hoc|x86.Build.0 = Release|Any CPU
		{12F10331-9E33-4697-AADA-591B01FFE93F}.Ad-Hoc|x86.Deploy.0 = Release|Any CPU
		{12F10331-9E33-4697-AADA-591B01FFE93F}.AppStore|Any CPU.ActiveCfg = Release|Any CPU
		{12F10331-9E33-4697-AADA-591B01FFE93F}.AppStore|Any CPU.Build.0 = Release|Any CPU
		{12F10331-9E33-4697-AADA-591B01FFE93F}.AppStore|Any CPU.Deploy.0 = Release|Any CPU
		{12F10331-9E33-4697-AADA-591B01FFE93F}.AppStore|ARM.ActiveCfg = Release|Any CPU
		{12F10331-9E33-4697-AADA-591B01FFE93F}.AppStore|ARM.Build.0 = Release|Any CPU
		{12F10331-9E33-4697-AADA-591B01FFE93F}.AppStore|ARM.Deploy.0 = Release|Any CPU
		{12F10331-9E33-4697-AADA-591B01FFE93F}.AppStore|iPhone.ActiveCfg = Release|Any CPU
		{12F10331-9E33-4697-AADA-591B01FFE93F}.AppStore|iPhone.Build.0 = Release|Any CPU
		{12F10331-9E33-4697-AADA-591B01FFE93F}.AppStore|iPhone.Deploy.0 = Release|Any CPU
		{12F10331-9E33-4697-AADA-591B01FFE93F}.AppStore|iPhoneSimulator.ActiveCfg = Release|Any CPU
		{12F10331-9E33-4697-AADA-591B01FFE93F}.AppStore|iPhoneSimulator.Build.0 = Release|Any CPU
		{12F10331-9E33-4697-AADA-591B01FFE93F}.AppStore|iPhoneSimulator.Deploy.0 = Release|Any CPU
		{12F10331-9E33-4697-AADA-591B01FFE93F}.AppStore|x64.ActiveCfg = Release|Any CPU
		{12F10331-9E33-4697-AADA-591B01FFE93F}.AppStore|x64.Build.0 = Release|Any CPU
		{12F10331-9E33-4697-AADA-591B01FFE93F}.AppStore|x64.Deploy.0 = Release|Any CPU
		{12F10331-9E33-4697-AADA-591B01FFE93F}.AppStore|x86.ActiveCfg = Release|Any CPU
		{12F10331-9E33-4697-AADA-591B01FFE93F}.AppStore|x86.Build.0 = Release|Any CPU
		{12F10331-9E33-4697-AADA-591B01FFE93F}.AppStore|x86.Deploy.0 = Release|Any CPU
		{12F10331-9E33-4697-AADA-591B01FFE93F}.Debug|Any CPU.ActiveCfg = Debug|Any CPU
		{12F10331-9E33-4697-AADA-591B01FFE93F}.Debug|Any CPU.Build.0 = Debug|Any CPU
		{12F10331-9E33-4697-AADA-591B01FFE93F}.Debug|Any CPU.Deploy.0 = Debug|Any CPU
		{12F10331-9E33-4697-AADA-591B01FFE93F}.Debug|ARM.ActiveCfg = Debug|Any CPU
		{12F10331-9E33-4697-AADA-591B01FFE93F}.Debug|ARM.Build.0 = Debug|Any CPU
		{12F10331-9E33-4697-AADA-591B01FFE93F}.Debug|ARM.Deploy.0 = Debug|Any CPU
		{12F10331-9E33-4697-AADA-591B01FFE93F}.Debug|iPhone.ActiveCfg = Debug|Any CPU
		{12F10331-9E33-4697-AADA-591B01FFE93F}.Debug|iPhone.Build.0 = Debug|Any CPU
		{12F10331-9E33-4697-AADA-591B01FFE93F}.Debug|iPhone.Deploy.0 = Debug|Any CPU
		{12F10331-9E33-4697-AADA-591B01FFE93F}.Debug|iPhoneSimulator.ActiveCfg = Debug|Any CPU
		{12F10331-9E33-4697-AADA-591B01FFE93F}.Debug|iPhoneSimulator.Build.0 = Debug|Any CPU
		{12F10331-9E33-4697-AADA-591B01FFE93F}.Debug|iPhoneSimulator.Deploy.0 = Debug|Any CPU
		{12F10331-9E33-4697-AADA-591B01FFE93F}.Debug|x64.ActiveCfg = Debug|Any CPU
		{12F10331-9E33-4697-AADA-591B01FFE93F}.Debug|x64.Build.0 = Debug|Any CPU
		{12F10331-9E33-4697-AADA-591B01FFE93F}.Debug|x64.Deploy.0 = Debug|Any CPU
		{12F10331-9E33-4697-AADA-591B01FFE93F}.Debug|x86.ActiveCfg = Debug|Any CPU
		{12F10331-9E33-4697-AADA-591B01FFE93F}.Debug|x86.Build.0 = Debug|Any CPU
		{12F10331-9E33-4697-AADA-591B01FFE93F}.Debug|x86.Deploy.0 = Debug|Any CPU
		{12F10331-9E33-4697-AADA-591B01FFE93F}.Release|Any CPU.ActiveCfg = Release|Any CPU
		{12F10331-9E33-4697-AADA-591B01FFE93F}.Release|Any CPU.Build.0 = Release|Any CPU
		{12F10331-9E33-4697-AADA-591B01FFE93F}.Release|Any CPU.Deploy.0 = Release|Any CPU
		{12F10331-9E33-4697-AADA-591B01FFE93F}.Release|ARM.ActiveCfg = Release|Any CPU
		{12F10331-9E33-4697-AADA-591B01FFE93F}.Release|ARM.Build.0 = Release|Any CPU
		{12F10331-9E33-4697-AADA-591B01FFE93F}.Release|ARM.Deploy.0 = Release|Any CPU
		{12F10331-9E33-4697-AADA-591B01FFE93F}.Release|iPhone.ActiveCfg = Release|Any CPU
		{12F10331-9E33-4697-AADA-591B01FFE93F}.Release|iPhone.Build.0 = Release|Any CPU
		{12F10331-9E33-4697-AADA-591B01FFE93F}.Release|iPhone.Deploy.0 = Release|Any CPU
		{12F10331-9E33-4697-AADA-591B01FFE93F}.Release|iPhoneSimulator.ActiveCfg = Release|Any CPU
		{12F10331-9E33-4697-AADA-591B01FFE93F}.Release|iPhoneSimulator.Build.0 = Release|Any CPU
		{12F10331-9E33-4697-AADA-591B01FFE93F}.Release|iPhoneSimulator.Deploy.0 = Release|Any CPU
		{12F10331-9E33-4697-AADA-591B01FFE93F}.Release|x64.ActiveCfg = Release|Any CPU
		{12F10331-9E33-4697-AADA-591B01FFE93F}.Release|x64.Build.0 = Release|Any CPU
		{12F10331-9E33-4697-AADA-591B01FFE93F}.Release|x64.Deploy.0 = Release|Any CPU
		{12F10331-9E33-4697-AADA-591B01FFE93F}.Release|x86.ActiveCfg = Release|Any CPU
		{12F10331-9E33-4697-AADA-591B01FFE93F}.Release|x86.Build.0 = Release|Any CPU
		{12F10331-9E33-4697-AADA-591B01FFE93F}.Release|x86.Deploy.0 = Release|Any CPU
		{3D07D79B-13AF-4218-8C0F-CC28753D8AEF}.Ad-Hoc|Any CPU.ActiveCfg = Ad-Hoc|iPhone
		{3D07D79B-13AF-4218-8C0F-CC28753D8AEF}.Ad-Hoc|Any CPU.Build.0 = Ad-Hoc|iPhone
		{3D07D79B-13AF-4218-8C0F-CC28753D8AEF}.Ad-Hoc|Any CPU.Deploy.0 = Ad-Hoc|iPhone
		{3D07D79B-13AF-4218-8C0F-CC28753D8AEF}.Ad-Hoc|ARM.ActiveCfg = Ad-Hoc|iPhone
		{3D07D79B-13AF-4218-8C0F-CC28753D8AEF}.Ad-Hoc|ARM.Build.0 = Ad-Hoc|iPhone
		{3D07D79B-13AF-4218-8C0F-CC28753D8AEF}.Ad-Hoc|ARM.Deploy.0 = Ad-Hoc|iPhone
		{3D07D79B-13AF-4218-8C0F-CC28753D8AEF}.Ad-Hoc|iPhone.ActiveCfg = Ad-Hoc|iPhone
		{3D07D79B-13AF-4218-8C0F-CC28753D8AEF}.Ad-Hoc|iPhone.Build.0 = Ad-Hoc|iPhone
		{3D07D79B-13AF-4218-8C0F-CC28753D8AEF}.Ad-Hoc|iPhone.Deploy.0 = Ad-Hoc|iPhone
		{3D07D79B-13AF-4218-8C0F-CC28753D8AEF}.Ad-Hoc|iPhoneSimulator.ActiveCfg = Ad-Hoc|iPhoneSimulator
		{3D07D79B-13AF-4218-8C0F-CC28753D8AEF}.Ad-Hoc|iPhoneSimulator.Build.0 = Ad-Hoc|iPhoneSimulator
		{3D07D79B-13AF-4218-8C0F-CC28753D8AEF}.Ad-Hoc|iPhoneSimulator.Deploy.0 = Ad-Hoc|iPhoneSimulator
		{3D07D79B-13AF-4218-8C0F-CC28753D8AEF}.Ad-Hoc|x64.ActiveCfg = Ad-Hoc|iPhone
		{3D07D79B-13AF-4218-8C0F-CC28753D8AEF}.Ad-Hoc|x64.Build.0 = Ad-Hoc|iPhone
		{3D07D79B-13AF-4218-8C0F-CC28753D8AEF}.Ad-Hoc|x64.Deploy.0 = Ad-Hoc|iPhone
		{3D07D79B-13AF-4218-8C0F-CC28753D8AEF}.Ad-Hoc|x86.ActiveCfg = Ad-Hoc|iPhone
		{3D07D79B-13AF-4218-8C0F-CC28753D8AEF}.Ad-Hoc|x86.Build.0 = Ad-Hoc|iPhone
		{3D07D79B-13AF-4218-8C0F-CC28753D8AEF}.Ad-Hoc|x86.Deploy.0 = Ad-Hoc|iPhone
		{3D07D79B-13AF-4218-8C0F-CC28753D8AEF}.AppStore|Any CPU.ActiveCfg = AppStore|iPhone
		{3D07D79B-13AF-4218-8C0F-CC28753D8AEF}.AppStore|Any CPU.Build.0 = AppStore|iPhone
		{3D07D79B-13AF-4218-8C0F-CC28753D8AEF}.AppStore|Any CPU.Deploy.0 = AppStore|iPhone
		{3D07D79B-13AF-4218-8C0F-CC28753D8AEF}.AppStore|ARM.ActiveCfg = AppStore|iPhone
		{3D07D79B-13AF-4218-8C0F-CC28753D8AEF}.AppStore|ARM.Build.0 = AppStore|iPhone
		{3D07D79B-13AF-4218-8C0F-CC28753D8AEF}.AppStore|ARM.Deploy.0 = AppStore|iPhone
		{3D07D79B-13AF-4218-8C0F-CC28753D8AEF}.AppStore|iPhone.ActiveCfg = AppStore|iPhone
		{3D07D79B-13AF-4218-8C0F-CC28753D8AEF}.AppStore|iPhone.Build.0 = AppStore|iPhone
		{3D07D79B-13AF-4218-8C0F-CC28753D8AEF}.AppStore|iPhone.Deploy.0 = AppStore|iPhone
		{3D07D79B-13AF-4218-8C0F-CC28753D8AEF}.AppStore|iPhoneSimulator.ActiveCfg = AppStore|iPhoneSimulator
		{3D07D79B-13AF-4218-8C0F-CC28753D8AEF}.AppStore|iPhoneSimulator.Build.0 = AppStore|iPhoneSimulator
		{3D07D79B-13AF-4218-8C0F-CC28753D8AEF}.AppStore|iPhoneSimulator.Deploy.0 = AppStore|iPhoneSimulator
		{3D07D79B-13AF-4218-8C0F-CC28753D8AEF}.AppStore|x64.ActiveCfg = AppStore|iPhone
		{3D07D79B-13AF-4218-8C0F-CC28753D8AEF}.AppStore|x64.Build.0 = AppStore|iPhone
		{3D07D79B-13AF-4218-8C0F-CC28753D8AEF}.AppStore|x64.Deploy.0 = AppStore|iPhone
		{3D07D79B-13AF-4218-8C0F-CC28753D8AEF}.AppStore|x86.ActiveCfg = AppStore|iPhone
		{3D07D79B-13AF-4218-8C0F-CC28753D8AEF}.AppStore|x86.Build.0 = AppStore|iPhone
		{3D07D79B-13AF-4218-8C0F-CC28753D8AEF}.AppStore|x86.Deploy.0 = AppStore|iPhone
		{3D07D79B-13AF-4218-8C0F-CC28753D8AEF}.Debug|Any CPU.ActiveCfg = Debug|iPhoneSimulator
		{3D07D79B-13AF-4218-8C0F-CC28753D8AEF}.Debug|Any CPU.Build.0 = Debug|iPhoneSimulator
		{3D07D79B-13AF-4218-8C0F-CC28753D8AEF}.Debug|Any CPU.Deploy.0 = Debug|iPhoneSimulator
		{3D07D79B-13AF-4218-8C0F-CC28753D8AEF}.Debug|ARM.ActiveCfg = Debug|iPhone
		{3D07D79B-13AF-4218-8C0F-CC28753D8AEF}.Debug|ARM.Build.0 = Debug|iPhone
		{3D07D79B-13AF-4218-8C0F-CC28753D8AEF}.Debug|ARM.Deploy.0 = Debug|iPhone
		{3D07D79B-13AF-4218-8C0F-CC28753D8AEF}.Debug|iPhone.ActiveCfg = Debug|iPhone
		{3D07D79B-13AF-4218-8C0F-CC28753D8AEF}.Debug|iPhone.Build.0 = Debug|iPhone
		{3D07D79B-13AF-4218-8C0F-CC28753D8AEF}.Debug|iPhone.Deploy.0 = Debug|iPhone
		{3D07D79B-13AF-4218-8C0F-CC28753D8AEF}.Debug|iPhoneSimulator.ActiveCfg = Debug|iPhoneSimulator
		{3D07D79B-13AF-4218-8C0F-CC28753D8AEF}.Debug|iPhoneSimulator.Build.0 = Debug|iPhoneSimulator
		{3D07D79B-13AF-4218-8C0F-CC28753D8AEF}.Debug|iPhoneSimulator.Deploy.0 = Debug|iPhoneSimulator
		{3D07D79B-13AF-4218-8C0F-CC28753D8AEF}.Debug|x64.ActiveCfg = Debug|iPhone
		{3D07D79B-13AF-4218-8C0F-CC28753D8AEF}.Debug|x64.Build.0 = Debug|iPhone
		{3D07D79B-13AF-4218-8C0F-CC28753D8AEF}.Debug|x64.Deploy.0 = Debug|iPhone
		{3D07D79B-13AF-4218-8C0F-CC28753D8AEF}.Debug|x86.ActiveCfg = Debug|iPhone
		{3D07D79B-13AF-4218-8C0F-CC28753D8AEF}.Debug|x86.Build.0 = Debug|iPhone
		{3D07D79B-13AF-4218-8C0F-CC28753D8AEF}.Debug|x86.Deploy.0 = Debug|iPhone
		{3D07D79B-13AF-4218-8C0F-CC28753D8AEF}.Release|Any CPU.ActiveCfg = Release|iPhone
		{3D07D79B-13AF-4218-8C0F-CC28753D8AEF}.Release|Any CPU.Build.0 = Release|iPhone
		{3D07D79B-13AF-4218-8C0F-CC28753D8AEF}.Release|Any CPU.Deploy.0 = Release|iPhone
		{3D07D79B-13AF-4218-8C0F-CC28753D8AEF}.Release|ARM.ActiveCfg = Release|iPhone
		{3D07D79B-13AF-4218-8C0F-CC28753D8AEF}.Release|ARM.Build.0 = Release|iPhone
		{3D07D79B-13AF-4218-8C0F-CC28753D8AEF}.Release|ARM.Deploy.0 = Release|iPhone
		{3D07D79B-13AF-4218-8C0F-CC28753D8AEF}.Release|iPhone.ActiveCfg = Release|iPhone
		{3D07D79B-13AF-4218-8C0F-CC28753D8AEF}.Release|iPhone.Build.0 = Release|iPhone
		{3D07D79B-13AF-4218-8C0F-CC28753D8AEF}.Release|iPhone.Deploy.0 = Release|iPhone
		{3D07D79B-13AF-4218-8C0F-CC28753D8AEF}.Release|iPhoneSimulator.ActiveCfg = Release|iPhoneSimulator
		{3D07D79B-13AF-4218-8C0F-CC28753D8AEF}.Release|iPhoneSimulator.Build.0 = Release|iPhoneSimulator
		{3D07D79B-13AF-4218-8C0F-CC28753D8AEF}.Release|iPhoneSimulator.Deploy.0 = Release|iPhoneSimulator
		{3D07D79B-13AF-4218-8C0F-CC28753D8AEF}.Release|x64.ActiveCfg = Release|iPhone
		{3D07D79B-13AF-4218-8C0F-CC28753D8AEF}.Release|x64.Build.0 = Release|iPhone
		{3D07D79B-13AF-4218-8C0F-CC28753D8AEF}.Release|x64.Deploy.0 = Release|iPhone
		{3D07D79B-13AF-4218-8C0F-CC28753D8AEF}.Release|x86.ActiveCfg = Release|iPhone
		{3D07D79B-13AF-4218-8C0F-CC28753D8AEF}.Release|x86.Build.0 = Release|iPhone
		{3D07D79B-13AF-4218-8C0F-CC28753D8AEF}.Release|x86.Deploy.0 = Release|iPhone
		{53768698-4FAB-4D9C-9ADF-661B0313EE99}.Ad-Hoc|Any CPU.ActiveCfg = Release|x86
		{53768698-4FAB-4D9C-9ADF-661B0313EE99}.Ad-Hoc|Any CPU.Build.0 = Release|x86
		{53768698-4FAB-4D9C-9ADF-661B0313EE99}.Ad-Hoc|Any CPU.Deploy.0 = Release|x86
		{53768698-4FAB-4D9C-9ADF-661B0313EE99}.Ad-Hoc|ARM.ActiveCfg = Release|ARM
		{53768698-4FAB-4D9C-9ADF-661B0313EE99}.Ad-Hoc|ARM.Build.0 = Release|ARM
		{53768698-4FAB-4D9C-9ADF-661B0313EE99}.Ad-Hoc|ARM.Deploy.0 = Release|ARM
		{53768698-4FAB-4D9C-9ADF-661B0313EE99}.Ad-Hoc|iPhone.ActiveCfg = Release|x86
		{53768698-4FAB-4D9C-9ADF-661B0313EE99}.Ad-Hoc|iPhone.Build.0 = Release|x86
		{53768698-4FAB-4D9C-9ADF-661B0313EE99}.Ad-Hoc|iPhone.Deploy.0 = Release|x86
		{53768698-4FAB-4D9C-9ADF-661B0313EE99}.Ad-Hoc|iPhoneSimulator.ActiveCfg = Release|x86
		{53768698-4FAB-4D9C-9ADF-661B0313EE99}.Ad-Hoc|iPhoneSimulator.Build.0 = Release|x86
		{53768698-4FAB-4D9C-9ADF-661B0313EE99}.Ad-Hoc|iPhoneSimulator.Deploy.0 = Release|x86
		{53768698-4FAB-4D9C-9ADF-661B0313EE99}.Ad-Hoc|x64.ActiveCfg = Release|x64
		{53768698-4FAB-4D9C-9ADF-661B0313EE99}.Ad-Hoc|x64.Build.0 = Release|x64
		{53768698-4FAB-4D9C-9ADF-661B0313EE99}.Ad-Hoc|x64.Deploy.0 = Release|x64
		{53768698-4FAB-4D9C-9ADF-661B0313EE99}.Ad-Hoc|x86.ActiveCfg = Release|x86
		{53768698-4FAB-4D9C-9ADF-661B0313EE99}.Ad-Hoc|x86.Build.0 = Release|x86
		{53768698-4FAB-4D9C-9ADF-661B0313EE99}.Ad-Hoc|x86.Deploy.0 = Release|x86
		{53768698-4FAB-4D9C-9ADF-661B0313EE99}.AppStore|Any CPU.ActiveCfg = Release|x86
		{53768698-4FAB-4D9C-9ADF-661B0313EE99}.AppStore|Any CPU.Build.0 = Release|x86
		{53768698-4FAB-4D9C-9ADF-661B0313EE99}.AppStore|Any CPU.Deploy.0 = Release|x86
		{53768698-4FAB-4D9C-9ADF-661B0313EE99}.AppStore|ARM.ActiveCfg = Release|ARM
		{53768698-4FAB-4D9C-9ADF-661B0313EE99}.AppStore|ARM.Build.0 = Release|ARM
		{53768698-4FAB-4D9C-9ADF-661B0313EE99}.AppStore|ARM.Deploy.0 = Release|ARM
		{53768698-4FAB-4D9C-9ADF-661B0313EE99}.AppStore|iPhone.ActiveCfg = Release|x86
		{53768698-4FAB-4D9C-9ADF-661B0313EE99}.AppStore|iPhone.Build.0 = Release|x86
		{53768698-4FAB-4D9C-9ADF-661B0313EE99}.AppStore|iPhone.Deploy.0 = Release|x86
		{53768698-4FAB-4D9C-9ADF-661B0313EE99}.AppStore|iPhoneSimulator.ActiveCfg = Release|x86
		{53768698-4FAB-4D9C-9ADF-661B0313EE99}.AppStore|iPhoneSimulator.Build.0 = Release|x86
		{53768698-4FAB-4D9C-9ADF-661B0313EE99}.AppStore|iPhoneSimulator.Deploy.0 = Release|x86
		{53768698-4FAB-4D9C-9ADF-661B0313EE99}.AppStore|x64.ActiveCfg = Release|x64
		{53768698-4FAB-4D9C-9ADF-661B0313EE99}.AppStore|x64.Build.0 = Release|x64
		{53768698-4FAB-4D9C-9ADF-661B0313EE99}.AppStore|x64.Deploy.0 = Release|x64
		{53768698-4FAB-4D9C-9ADF-661B0313EE99}.AppStore|x86.ActiveCfg = Release|x86
		{53768698-4FAB-4D9C-9ADF-661B0313EE99}.AppStore|x86.Build.0 = Release|x86
		{53768698-4FAB-4D9C-9ADF-661B0313EE99}.AppStore|x86.Deploy.0 = Release|x86
		{53768698-4FAB-4D9C-9ADF-661B0313EE99}.Debug|Any CPU.ActiveCfg = Debug|x86
		{53768698-4FAB-4D9C-9ADF-661B0313EE99}.Debug|Any CPU.Build.0 = Debug|x86
		{53768698-4FAB-4D9C-9ADF-661B0313EE99}.Debug|Any CPU.Deploy.0 = Debug|x86
		{53768698-4FAB-4D9C-9ADF-661B0313EE99}.Debug|ARM.ActiveCfg = Debug|ARM
		{53768698-4FAB-4D9C-9ADF-661B0313EE99}.Debug|ARM.Build.0 = Debug|ARM
		{53768698-4FAB-4D9C-9ADF-661B0313EE99}.Debug|ARM.Deploy.0 = Debug|ARM
		{53768698-4FAB-4D9C-9ADF-661B0313EE99}.Debug|iPhone.ActiveCfg = Debug|x86
		{53768698-4FAB-4D9C-9ADF-661B0313EE99}.Debug|iPhone.Build.0 = Debug|x86
		{53768698-4FAB-4D9C-9ADF-661B0313EE99}.Debug|iPhone.Deploy.0 = Debug|x86
		{53768698-4FAB-4D9C-9ADF-661B0313EE99}.Debug|iPhoneSimulator.ActiveCfg = Debug|x86
		{53768698-4FAB-4D9C-9ADF-661B0313EE99}.Debug|iPhoneSimulator.Build.0 = Debug|x86
		{53768698-4FAB-4D9C-9ADF-661B0313EE99}.Debug|iPhoneSimulator.Deploy.0 = Debug|x86
		{53768698-4FAB-4D9C-9ADF-661B0313EE99}.Debug|x64.ActiveCfg = Debug|x64
		{53768698-4FAB-4D9C-9ADF-661B0313EE99}.Debug|x64.Build.0 = Debug|x64
		{53768698-4FAB-4D9C-9ADF-661B0313EE99}.Debug|x64.Deploy.0 = Debug|x64
		{53768698-4FAB-4D9C-9ADF-661B0313EE99}.Debug|x86.ActiveCfg = Debug|x86
		{53768698-4FAB-4D9C-9ADF-661B0313EE99}.Debug|x86.Build.0 = Debug|x86
		{53768698-4FAB-4D9C-9ADF-661B0313EE99}.Debug|x86.Deploy.0 = Debug|x86
		{53768698-4FAB-4D9C-9ADF-661B0313EE99}.Release|Any CPU.ActiveCfg = Release|x86
		{53768698-4FAB-4D9C-9ADF-661B0313EE99}.Release|Any CPU.Build.0 = Release|x86
		{53768698-4FAB-4D9C-9ADF-661B0313EE99}.Release|Any CPU.Deploy.0 = Release|x86
		{53768698-4FAB-4D9C-9ADF-661B0313EE99}.Release|ARM.ActiveCfg = Release|ARM
		{53768698-4FAB-4D9C-9ADF-661B0313EE99}.Release|ARM.Build.0 = Release|ARM
		{53768698-4FAB-4D9C-9ADF-661B0313EE99}.Release|ARM.Deploy.0 = Release|ARM
		{53768698-4FAB-4D9C-9ADF-661B0313EE99}.Release|iPhone.ActiveCfg = Release|x86
		{53768698-4FAB-4D9C-9ADF-661B0313EE99}.Release|iPhone.Build.0 = Release|x86
		{53768698-4FAB-4D9C-9ADF-661B0313EE99}.Release|iPhone.Deploy.0 = Release|x86
		{53768698-4FAB-4D9C-9ADF-661B0313EE99}.Release|iPhoneSimulator.ActiveCfg = Release|x86
		{53768698-4FAB-4D9C-9ADF-661B0313EE99}.Release|iPhoneSimulator.Build.0 = Release|x86
		{53768698-4FAB-4D9C-9ADF-661B0313EE99}.Release|iPhoneSimulator.Deploy.0 = Release|x86
		{53768698-4FAB-4D9C-9ADF-661B0313EE99}.Release|x64.ActiveCfg = Release|x64
		{53768698-4FAB-4D9C-9ADF-661B0313EE99}.Release|x64.Build.0 = Release|x64
		{53768698-4FAB-4D9C-9ADF-661B0313EE99}.Release|x64.Deploy.0 = Release|x64
		{53768698-4FAB-4D9C-9ADF-661B0313EE99}.Release|x86.ActiveCfg = Release|x86
		{53768698-4FAB-4D9C-9ADF-661B0313EE99}.Release|x86.Build.0 = Release|x86
		{53768698-4FAB-4D9C-9ADF-661B0313EE99}.Release|x86.Deploy.0 = Release|x86
		{E1DBB66C-A73F-4E0E-B782-8C7237AB83C4}.Ad-Hoc|Any CPU.ActiveCfg = Debug|Any CPU
		{E1DBB66C-A73F-4E0E-B782-8C7237AB83C4}.Ad-Hoc|Any CPU.Build.0 = Debug|Any CPU
		{E1DBB66C-A73F-4E0E-B782-8C7237AB83C4}.Ad-Hoc|Any CPU.Deploy.0 = Debug|Any CPU
		{E1DBB66C-A73F-4E0E-B782-8C7237AB83C4}.Ad-Hoc|ARM.ActiveCfg = Debug|Any CPU
		{E1DBB66C-A73F-4E0E-B782-8C7237AB83C4}.Ad-Hoc|ARM.Build.0 = Debug|Any CPU
		{E1DBB66C-A73F-4E0E-B782-8C7237AB83C4}.Ad-Hoc|ARM.Deploy.0 = Debug|Any CPU
		{E1DBB66C-A73F-4E0E-B782-8C7237AB83C4}.Ad-Hoc|iPhone.ActiveCfg = Debug|Any CPU
		{E1DBB66C-A73F-4E0E-B782-8C7237AB83C4}.Ad-Hoc|iPhone.Build.0 = Debug|Any CPU
		{E1DBB66C-A73F-4E0E-B782-8C7237AB83C4}.Ad-Hoc|iPhone.Deploy.0 = Debug|Any CPU
		{E1DBB66C-A73F-4E0E-B782-8C7237AB83C4}.Ad-Hoc|iPhoneSimulator.ActiveCfg = Debug|Any CPU
		{E1DBB66C-A73F-4E0E-B782-8C7237AB83C4}.Ad-Hoc|iPhoneSimulator.Build.0 = Debug|Any CPU
		{E1DBB66C-A73F-4E0E-B782-8C7237AB83C4}.Ad-Hoc|iPhoneSimulator.Deploy.0 = Debug|Any CPU
		{E1DBB66C-A73F-4E0E-B782-8C7237AB83C4}.Ad-Hoc|x64.ActiveCfg = Debug|Any CPU
		{E1DBB66C-A73F-4E0E-B782-8C7237AB83C4}.Ad-Hoc|x64.Build.0 = Debug|Any CPU
		{E1DBB66C-A73F-4E0E-B782-8C7237AB83C4}.Ad-Hoc|x64.Deploy.0 = Debug|Any CPU
		{E1DBB66C-A73F-4E0E-B782-8C7237AB83C4}.Ad-Hoc|x86.ActiveCfg = Debug|Any CPU
		{E1DBB66C-A73F-4E0E-B782-8C7237AB83C4}.Ad-Hoc|x86.Build.0 = Debug|Any CPU
		{E1DBB66C-A73F-4E0E-B782-8C7237AB83C4}.Ad-Hoc|x86.Deploy.0 = Debug|Any CPU
		{E1DBB66C-A73F-4E0E-B782-8C7237AB83C4}.AppStore|Any CPU.ActiveCfg = Debug|Any CPU
		{E1DBB66C-A73F-4E0E-B782-8C7237AB83C4}.AppStore|Any CPU.Build.0 = Debug|Any CPU
		{E1DBB66C-A73F-4E0E-B782-8C7237AB83C4}.AppStore|Any CPU.Deploy.0 = Debug|Any CPU
		{E1DBB66C-A73F-4E0E-B782-8C7237AB83C4}.AppStore|ARM.ActiveCfg = Debug|Any CPU
		{E1DBB66C-A73F-4E0E-B782-8C7237AB83C4}.AppStore|ARM.Build.0 = Debug|Any CPU
		{E1DBB66C-A73F-4E0E-B782-8C7237AB83C4}.AppStore|ARM.Deploy.0 = Debug|Any CPU
		{E1DBB66C-A73F-4E0E-B782-8C7237AB83C4}.AppStore|iPhone.ActiveCfg = Debug|Any CPU
		{E1DBB66C-A73F-4E0E-B782-8C7237AB83C4}.AppStore|iPhone.Build.0 = Debug|Any CPU
		{E1DBB66C-A73F-4E0E-B782-8C7237AB83C4}.AppStore|iPhone.Deploy.0 = Debug|Any CPU
		{E1DBB66C-A73F-4E0E-B782-8C7237AB83C4}.AppStore|iPhoneSimulator.ActiveCfg = Debug|Any CPU
		{E1DBB66C-A73F-4E0E-B782-8C7237AB83C4}.AppStore|iPhoneSimulator.Build.0 = Debug|Any CPU
		{E1DBB66C-A73F-4E0E-B782-8C7237AB83C4}.AppStore|iPhoneSimulator.Deploy.0 = Debug|Any CPU
		{E1DBB66C-A73F-4E0E-B782-8C7237AB83C4}.AppStore|x64.ActiveCfg = Debug|Any CPU
		{E1DBB66C-A73F-4E0E-B782-8C7237AB83C4}.AppStore|x64.Build.0 = Debug|Any CPU
		{E1DBB66C-A73F-4E0E-B782-8C7237AB83C4}.AppStore|x64.Deploy.0 = Debug|Any CPU
		{E1DBB66C-A73F-4E0E-B782-8C7237AB83C4}.AppStore|x86.ActiveCfg = Debug|Any CPU
		{E1DBB66C-A73F-4E0E-B782-8C7237AB83C4}.AppStore|x86.Build.0 = Debug|Any CPU
		{E1DBB66C-A73F-4E0E-B782-8C7237AB83C4}.AppStore|x86.Deploy.0 = Debug|Any CPU
		{E1DBB66C-A73F-4E0E-B782-8C7237AB83C4}.Debug|Any CPU.ActiveCfg = Debug|Any CPU
		{E1DBB66C-A73F-4E0E-B782-8C7237AB83C4}.Debug|Any CPU.Build.0 = Debug|Any CPU
		{E1DBB66C-A73F-4E0E-B782-8C7237AB83C4}.Debug|Any CPU.Deploy.0 = Debug|Any CPU
		{E1DBB66C-A73F-4E0E-B782-8C7237AB83C4}.Debug|ARM.ActiveCfg = Debug|Any CPU
		{E1DBB66C-A73F-4E0E-B782-8C7237AB83C4}.Debug|ARM.Build.0 = Debug|Any CPU
		{E1DBB66C-A73F-4E0E-B782-8C7237AB83C4}.Debug|ARM.Deploy.0 = Debug|Any CPU
		{E1DBB66C-A73F-4E0E-B782-8C7237AB83C4}.Debug|iPhone.ActiveCfg = Debug|Any CPU
		{E1DBB66C-A73F-4E0E-B782-8C7237AB83C4}.Debug|iPhone.Build.0 = Debug|Any CPU
		{E1DBB66C-A73F-4E0E-B782-8C7237AB83C4}.Debug|iPhone.Deploy.0 = Debug|Any CPU
		{E1DBB66C-A73F-4E0E-B782-8C7237AB83C4}.Debug|iPhoneSimulator.ActiveCfg = Debug|Any CPU
		{E1DBB66C-A73F-4E0E-B782-8C7237AB83C4}.Debug|iPhoneSimulator.Build.0 = Debug|Any CPU
		{E1DBB66C-A73F-4E0E-B782-8C7237AB83C4}.Debug|iPhoneSimulator.Deploy.0 = Debug|Any CPU
		{E1DBB66C-A73F-4E0E-B782-8C7237AB83C4}.Debug|x64.ActiveCfg = Debug|Any CPU
		{E1DBB66C-A73F-4E0E-B782-8C7237AB83C4}.Debug|x64.Build.0 = Debug|Any CPU
		{E1DBB66C-A73F-4E0E-B782-8C7237AB83C4}.Debug|x64.Deploy.0 = Debug|Any CPU
		{E1DBB66C-A73F-4E0E-B782-8C7237AB83C4}.Debug|x86.ActiveCfg = Debug|Any CPU
		{E1DBB66C-A73F-4E0E-B782-8C7237AB83C4}.Debug|x86.Build.0 = Debug|Any CPU
		{E1DBB66C-A73F-4E0E-B782-8C7237AB83C4}.Debug|x86.Deploy.0 = Debug|Any CPU
		{E1DBB66C-A73F-4E0E-B782-8C7237AB83C4}.Release|Any CPU.ActiveCfg = Release|Any CPU
		{E1DBB66C-A73F-4E0E-B782-8C7237AB83C4}.Release|Any CPU.Build.0 = Release|Any CPU
		{E1DBB66C-A73F-4E0E-B782-8C7237AB83C4}.Release|Any CPU.Deploy.0 = Release|Any CPU
		{E1DBB66C-A73F-4E0E-B782-8C7237AB83C4}.Release|ARM.ActiveCfg = Release|Any CPU
		{E1DBB66C-A73F-4E0E-B782-8C7237AB83C4}.Release|ARM.Build.0 = Release|Any CPU
		{E1DBB66C-A73F-4E0E-B782-8C7237AB83C4}.Release|ARM.Deploy.0 = Release|Any CPU
		{E1DBB66C-A73F-4E0E-B782-8C7237AB83C4}.Release|iPhone.ActiveCfg = Release|Any CPU
		{E1DBB66C-A73F-4E0E-B782-8C7237AB83C4}.Release|iPhone.Build.0 = Release|Any CPU
		{E1DBB66C-A73F-4E0E-B782-8C7237AB83C4}.Release|iPhone.Deploy.0 = Release|Any CPU
		{E1DBB66C-A73F-4E0E-B782-8C7237AB83C4}.Release|iPhoneSimulator.ActiveCfg = Release|Any CPU
		{E1DBB66C-A73F-4E0E-B782-8C7237AB83C4}.Release|iPhoneSimulator.Build.0 = Release|Any CPU
		{E1DBB66C-A73F-4E0E-B782-8C7237AB83C4}.Release|iPhoneSimulator.Deploy.0 = Release|Any CPU
		{E1DBB66C-A73F-4E0E-B782-8C7237AB83C4}.Release|x64.ActiveCfg = Release|Any CPU
		{E1DBB66C-A73F-4E0E-B782-8C7237AB83C4}.Release|x64.Build.0 = Release|Any CPU
		{E1DBB66C-A73F-4E0E-B782-8C7237AB83C4}.Release|x64.Deploy.0 = Release|Any CPU
		{E1DBB66C-A73F-4E0E-B782-8C7237AB83C4}.Release|x86.ActiveCfg = Release|Any CPU
		{E1DBB66C-A73F-4E0E-B782-8C7237AB83C4}.Release|x86.Build.0 = Release|Any CPU
		{E1DBB66C-A73F-4E0E-B782-8C7237AB83C4}.Release|x86.Deploy.0 = Release|Any CPU
	EndGlobalSection
	GlobalSection(SolutionProperties) = preSolution
		HideSolutionNode = FALSE
	EndGlobalSection
	GlobalSection(ExtensibilityGlobals) = postSolution
		SolutionGuid = {A19741CB-D306-4E0C-8BB0-802988F56FE3}
	EndGlobalSection
EndGlobal
