
Microsoft Visual Studio Solution File, Format Version 12.00
# Visual Studio 15
VisualStudioVersion = 15.0.27625.0
MinimumVisualStudioVersion = 10.0.40219.1
Project("{FAE04EC0-301F-11D3-BF4B-00C04F79EFBC}") = "Italia.DiciottoApp.Android", "Italia.DiciottoApp.Android\Italia.DiciottoApp.Android.csproj", "{E863BD8F-05C5-408C-8D8F-239DEF8B73E0}"
EndProject
Project("{FAE04EC0-301F-11D3-BF4B-00C04F79EFBC}") = "Italia.DiciottoApp.iOS", "Italia.DiciottoApp.iOS\Italia.DiciottoApp.iOS.csproj", "{8911133E-5F98-4DA9-AD36-90391636214A}"
EndProject
Project("{9A19103F-16F7-4668-BE54-9A1E7A4F7556}") = "Italia.DiciottoApp", "Italia.DiciottoApp\Italia.DiciottoApp.csproj", "{FE71765B-2044-417E-84E4-D128C95B7870}"
EndProject
Project("{2150E333-8FDC-42A3-9474-1A3956D46DE8}") = "Solution Items", "Solution Items", "{5C62C96D-4062-4E5D-9A6D-4696CFA1A667}"
	ProjectSection(SolutionItems) = preProject
		NuGet.config = NuGet.config
	EndProjectSection
EndProject
Global
	GlobalSection(SolutionConfigurationPlatforms) = preSolution
		Ad-Hoc|Any CPU = Ad-Hoc|Any CPU
		Ad-Hoc|ARM = Ad-Hoc|ARM
		Ad-Hoc|iPhone = Ad-Hoc|iPhone
		Ad-Hoc|iPhoneSimulator = Ad-Hoc|iPhoneSimulator
		Ad-Hoc|x64 = Ad-Hoc|x64
		Ad-Hoc|x86 = Ad-Hoc|x86
		AppStore|Any CPU = AppStore|Any CPU
		AppStore|ARM = AppStore|ARM
		AppStore|iPhone = AppStore|iPhone
		AppStore|iPhoneSimulator = AppStore|iPhoneSimulator
		AppStore|x64 = AppStore|x64
		AppStore|x86 = AppStore|x86
		Debug|Any CPU = Debug|Any CPU
		Debug|ARM = Debug|ARM
		Debug|iPhone = Debug|iPhone
		Debug|iPhoneSimulator = Debug|iPhoneSimulator
		Debug|x64 = Debug|x64
		Debug|x86 = Debug|x86
		Release|Any CPU = Release|Any CPU
		Release|ARM = Release|ARM
		Release|iPhone = Release|iPhone
		Release|iPhoneSimulator = Release|iPhoneSimulator
		Release|x64 = Release|x64
		Release|x86 = Release|x86
	EndGlobalSection
	GlobalSection(ProjectConfigurationPlatforms) = postSolution
		{E863BD8F-05C5-408C-8D8F-239DEF8B73E0}.Ad-Hoc|Any CPU.ActiveCfg = Release|Any CPU
		{E863BD8F-05C5-408C-8D8F-239DEF8B73E0}.Ad-Hoc|Any CPU.Build.0 = Release|Any CPU
		{E863BD8F-05C5-408C-8D8F-239DEF8B73E0}.Ad-Hoc|Any CPU.Deploy.0 = Release|Any CPU
		{E863BD8F-05C5-408C-8D8F-239DEF8B73E0}.Ad-Hoc|ARM.ActiveCfg = Release|Any CPU
		{E863BD8F-05C5-408C-8D8F-239DEF8B73E0}.Ad-Hoc|ARM.Build.0 = Release|Any CPU
		{E863BD8F-05C5-408C-8D8F-239DEF8B73E0}.Ad-Hoc|ARM.Deploy.0 = Release|Any CPU
		{E863BD8F-05C5-408C-8D8F-239DEF8B73E0}.Ad-Hoc|iPhone.ActiveCfg = Release|Any CPU
		{E863BD8F-05C5-408C-8D8F-239DEF8B73E0}.Ad-Hoc|iPhone.Build.0 = Release|Any CPU
		{E863BD8F-05C5-408C-8D8F-239DEF8B73E0}.Ad-Hoc|iPhone.Deploy.0 = Release|Any CPU
		{E863BD8F-05C5-408C-8D8F-239DEF8B73E0}.Ad-Hoc|iPhoneSimulator.ActiveCfg = Release|Any CPU
		{E863BD8F-05C5-408C-8D8F-239DEF8B73E0}.Ad-Hoc|iPhoneSimulator.Build.0 = Release|Any CPU
		{E863BD8F-05C5-408C-8D8F-239DEF8B73E0}.Ad-Hoc|iPhoneSimulator.Deploy.0 = Release|Any CPU
		{E863BD8F-05C5-408C-8D8F-239DEF8B73E0}.Ad-Hoc|x64.ActiveCfg = Release|Any CPU
		{E863BD8F-05C5-408C-8D8F-239DEF8B73E0}.Ad-Hoc|x64.Build.0 = Release|Any CPU
		{E863BD8F-05C5-408C-8D8F-239DEF8B73E0}.Ad-Hoc|x64.Deploy.0 = Release|Any CPU
		{E863BD8F-05C5-408C-8D8F-239DEF8B73E0}.Ad-Hoc|x86.ActiveCfg = Release|Any CPU
		{E863BD8F-05C5-408C-8D8F-239DEF8B73E0}.Ad-Hoc|x86.Build.0 = Release|Any CPU
		{E863BD8F-05C5-408C-8D8F-239DEF8B73E0}.Ad-Hoc|x86.Deploy.0 = Release|Any CPU
		{E863BD8F-05C5-408C-8D8F-239DEF8B73E0}.AppStore|Any CPU.ActiveCfg = Release|Any CPU
		{E863BD8F-05C5-408C-8D8F-239DEF8B73E0}.AppStore|Any CPU.Build.0 = Release|Any CPU
		{E863BD8F-05C5-408C-8D8F-239DEF8B73E0}.AppStore|Any CPU.Deploy.0 = Release|Any CPU
		{E863BD8F-05C5-408C-8D8F-239DEF8B73E0}.AppStore|ARM.ActiveCfg = Release|Any CPU
		{E863BD8F-05C5-408C-8D8F-239DEF8B73E0}.AppStore|ARM.Build.0 = Release|Any CPU
		{E863BD8F-05C5-408C-8D8F-239DEF8B73E0}.AppStore|ARM.Deploy.0 = Release|Any CPU
		{E863BD8F-05C5-408C-8D8F-239DEF8B73E0}.AppStore|iPhone.ActiveCfg = Release|Any CPU
		{E863BD8F-05C5-408C-8D8F-239DEF8B73E0}.AppStore|iPhone.Build.0 = Release|Any CPU
		{E863BD8F-05C5-408C-8D8F-239DEF8B73E0}.AppStore|iPhone.Deploy.0 = Release|Any CPU
		{E863BD8F-05C5-408C-8D8F-239DEF8B73E0}.AppStore|iPhoneSimulator.ActiveCfg = Release|Any CPU
		{E863BD8F-05C5-408C-8D8F-239DEF8B73E0}.AppStore|iPhoneSimulator.Build.0 = Release|Any CPU
		{E863BD8F-05C5-408C-8D8F-239DEF8B73E0}.AppStore|iPhoneSimulator.Deploy.0 = Release|Any CPU
		{E863BD8F-05C5-408C-8D8F-239DEF8B73E0}.AppStore|x64.ActiveCfg = Release|Any CPU
		{E863BD8F-05C5-408C-8D8F-239DEF8B73E0}.AppStore|x64.Build.0 = Release|Any CPU
		{E863BD8F-05C5-408C-8D8F-239DEF8B73E0}.AppStore|x64.Deploy.0 = Release|Any CPU
		{E863BD8F-05C5-408C-8D8F-239DEF8B73E0}.AppStore|x86.ActiveCfg = Release|Any CPU
		{E863BD8F-05C5-408C-8D8F-239DEF8B73E0}.AppStore|x86.Build.0 = Release|Any CPU
		{E863BD8F-05C5-408C-8D8F-239DEF8B73E0}.AppStore|x86.Deploy.0 = Release|Any CPU
		{E863BD8F-05C5-408C-8D8F-239DEF8B73E0}.Debug|Any CPU.ActiveCfg = Debug|Any CPU
		{E863BD8F-05C5-408C-8D8F-239DEF8B73E0}.Debug|Any CPU.Build.0 = Debug|Any CPU
		{E863BD8F-05C5-408C-8D8F-239DEF8B73E0}.Debug|Any CPU.Deploy.0 = Debug|Any CPU
		{E863BD8F-05C5-408C-8D8F-239DEF8B73E0}.Debug|ARM.ActiveCfg = Debug|Any CPU
		{E863BD8F-05C5-408C-8D8F-239DEF8B73E0}.Debug|ARM.Build.0 = Debug|Any CPU
		{E863BD8F-05C5-408C-8D8F-239DEF8B73E0}.Debug|ARM.Deploy.0 = Debug|Any CPU
		{E863BD8F-05C5-408C-8D8F-239DEF8B73E0}.Debug|iPhone.ActiveCfg = Debug|Any CPU
		{E863BD8F-05C5-408C-8D8F-239DEF8B73E0}.Debug|iPhone.Build.0 = Debug|Any CPU
		{E863BD8F-05C5-408C-8D8F-239DEF8B73E0}.Debug|iPhone.Deploy.0 = Debug|Any CPU
		{E863BD8F-05C5-408C-8D8F-239DEF8B73E0}.Debug|iPhoneSimulator.ActiveCfg = Debug|Any CPU
		{E863BD8F-05C5-408C-8D8F-239DEF8B73E0}.Debug|iPhoneSimulator.Build.0 = Debug|Any CPU
		{E863BD8F-05C5-408C-8D8F-239DEF8B73E0}.Debug|iPhoneSimulator.Deploy.0 = Debug|Any CPU
		{E863BD8F-05C5-408C-8D8F-239DEF8B73E0}.Debug|x64.ActiveCfg = Debug|Any CPU
		{E863BD8F-05C5-408C-8D8F-239DEF8B73E0}.Debug|x64.Build.0 = Debug|Any CPU
		{E863BD8F-05C5-408C-8D8F-239DEF8B73E0}.Debug|x64.Deploy.0 = Debug|Any CPU
		{E863BD8F-05C5-408C-8D8F-239DEF8B73E0}.Debug|x86.ActiveCfg = Debug|Any CPU
		{E863BD8F-05C5-408C-8D8F-239DEF8B73E0}.Debug|x86.Build.0 = Debug|Any CPU
		{E863BD8F-05C5-408C-8D8F-239DEF8B73E0}.Debug|x86.Deploy.0 = Debug|Any CPU
		{E863BD8F-05C5-408C-8D8F-239DEF8B73E0}.Release|Any CPU.ActiveCfg = Release|Any CPU
		{E863BD8F-05C5-408C-8D8F-239DEF8B73E0}.Release|Any CPU.Build.0 = Release|Any CPU
		{E863BD8F-05C5-408C-8D8F-239DEF8B73E0}.Release|Any CPU.Deploy.0 = Release|Any CPU
		{E863BD8F-05C5-408C-8D8F-239DEF8B73E0}.Release|ARM.ActiveCfg = Release|Any CPU
		{E863BD8F-05C5-408C-8D8F-239DEF8B73E0}.Release|ARM.Build.0 = Release|Any CPU
		{E863BD8F-05C5-408C-8D8F-239DEF8B73E0}.Release|ARM.Deploy.0 = Release|Any CPU
		{E863BD8F-05C5-408C-8D8F-239DEF8B73E0}.Release|iPhone.ActiveCfg = Release|Any CPU
		{E863BD8F-05C5-408C-8D8F-239DEF8B73E0}.Release|iPhone.Build.0 = Release|Any CPU
		{E863BD8F-05C5-408C-8D8F-239DEF8B73E0}.Release|iPhone.Deploy.0 = Release|Any CPU
		{E863BD8F-05C5-408C-8D8F-239DEF8B73E0}.Release|iPhoneSimulator.ActiveCfg = Release|Any CPU
		{E863BD8F-05C5-408C-8D8F-239DEF8B73E0}.Release|iPhoneSimulator.Build.0 = Release|Any CPU
		{E863BD8F-05C5-408C-8D8F-239DEF8B73E0}.Release|iPhoneSimulator.Deploy.0 = Release|Any CPU
		{E863BD8F-05C5-408C-8D8F-239DEF8B73E0}.Release|x64.ActiveCfg = Release|Any CPU
		{E863BD8F-05C5-408C-8D8F-239DEF8B73E0}.Release|x64.Build.0 = Release|Any CPU
		{E863BD8F-05C5-408C-8D8F-239DEF8B73E0}.Release|x64.Deploy.0 = Release|Any CPU
		{E863BD8F-05C5-408C-8D8F-239DEF8B73E0}.Release|x86.ActiveCfg = Release|Any CPU
		{E863BD8F-05C5-408C-8D8F-239DEF8B73E0}.Release|x86.Build.0 = Release|Any CPU
		{E863BD8F-05C5-408C-8D8F-239DEF8B73E0}.Release|x86.Deploy.0 = Release|Any CPU
		{8911133E-5F98-4DA9-AD36-90391636214A}.Ad-Hoc|Any CPU.ActiveCfg = Ad-Hoc|iPhone
		{8911133E-5F98-4DA9-AD36-90391636214A}.Ad-Hoc|Any CPU.Build.0 = Ad-Hoc|iPhone
		{8911133E-5F98-4DA9-AD36-90391636214A}.Ad-Hoc|Any CPU.Deploy.0 = Ad-Hoc|iPhone
		{8911133E-5F98-4DA9-AD36-90391636214A}.Ad-Hoc|ARM.ActiveCfg = Ad-Hoc|iPhone
		{8911133E-5F98-4DA9-AD36-90391636214A}.Ad-Hoc|ARM.Build.0 = Ad-Hoc|iPhone
		{8911133E-5F98-4DA9-AD36-90391636214A}.Ad-Hoc|ARM.Deploy.0 = Ad-Hoc|iPhone
		{8911133E-5F98-4DA9-AD36-90391636214A}.Ad-Hoc|iPhone.ActiveCfg = Ad-Hoc|iPhone
		{8911133E-5F98-4DA9-AD36-90391636214A}.Ad-Hoc|iPhone.Build.0 = Ad-Hoc|iPhone
		{8911133E-5F98-4DA9-AD36-90391636214A}.Ad-Hoc|iPhone.Deploy.0 = Ad-Hoc|iPhone
		{8911133E-5F98-4DA9-AD36-90391636214A}.Ad-Hoc|iPhoneSimulator.ActiveCfg = Ad-Hoc|iPhoneSimulator
		{8911133E-5F98-4DA9-AD36-90391636214A}.Ad-Hoc|iPhoneSimulator.Build.0 = Ad-Hoc|iPhoneSimulator
		{8911133E-5F98-4DA9-AD36-90391636214A}.Ad-Hoc|iPhoneSimulator.Deploy.0 = Ad-Hoc|iPhoneSimulator
		{8911133E-5F98-4DA9-AD36-90391636214A}.Ad-Hoc|x64.ActiveCfg = Ad-Hoc|iPhone
		{8911133E-5F98-4DA9-AD36-90391636214A}.Ad-Hoc|x64.Build.0 = Ad-Hoc|iPhone
		{8911133E-5F98-4DA9-AD36-90391636214A}.Ad-Hoc|x64.Deploy.0 = Ad-Hoc|iPhone
		{8911133E-5F98-4DA9-AD36-90391636214A}.Ad-Hoc|x86.ActiveCfg = Ad-Hoc|iPhone
		{8911133E-5F98-4DA9-AD36-90391636214A}.Ad-Hoc|x86.Build.0 = Ad-Hoc|iPhone
		{8911133E-5F98-4DA9-AD36-90391636214A}.Ad-Hoc|x86.Deploy.0 = Ad-Hoc|iPhone
		{8911133E-5F98-4DA9-AD36-90391636214A}.AppStore|Any CPU.ActiveCfg = AppStore|iPhone
		{8911133E-5F98-4DA9-AD36-90391636214A}.AppStore|Any CPU.Build.0 = AppStore|iPhone
		{8911133E-5F98-4DA9-AD36-90391636214A}.AppStore|Any CPU.Deploy.0 = AppStore|iPhone
		{8911133E-5F98-4DA9-AD36-90391636214A}.AppStore|ARM.ActiveCfg = AppStore|iPhone
		{8911133E-5F98-4DA9-AD36-90391636214A}.AppStore|ARM.Build.0 = AppStore|iPhone
		{8911133E-5F98-4DA9-AD36-90391636214A}.AppStore|ARM.Deploy.0 = AppStore|iPhone
		{8911133E-5F98-4DA9-AD36-90391636214A}.AppStore|iPhone.ActiveCfg = AppStore|iPhone
		{8911133E-5F98-4DA9-AD36-90391636214A}.AppStore|iPhone.Build.0 = AppStore|iPhone
		{8911133E-5F98-4DA9-AD36-90391636214A}.AppStore|iPhone.Deploy.0 = AppStore|iPhone
		{8911133E-5F98-4DA9-AD36-90391636214A}.AppStore|iPhoneSimulator.ActiveCfg = AppStore|iPhoneSimulator
		{8911133E-5F98-4DA9-AD36-90391636214A}.AppStore|iPhoneSimulator.Build.0 = AppStore|iPhoneSimulator
		{8911133E-5F98-4DA9-AD36-90391636214A}.AppStore|iPhoneSimulator.Deploy.0 = AppStore|iPhoneSimulator
		{8911133E-5F98-4DA9-AD36-90391636214A}.AppStore|x64.ActiveCfg = AppStore|iPhone
		{8911133E-5F98-4DA9-AD36-90391636214A}.AppStore|x64.Build.0 = AppStore|iPhone
		{8911133E-5F98-4DA9-AD36-90391636214A}.AppStore|x64.Deploy.0 = AppStore|iPhone
		{8911133E-5F98-4DA9-AD36-90391636214A}.AppStore|x86.ActiveCfg = AppStore|iPhone
		{8911133E-5F98-4DA9-AD36-90391636214A}.AppStore|x86.Build.0 = AppStore|iPhone
		{8911133E-5F98-4DA9-AD36-90391636214A}.AppStore|x86.Deploy.0 = AppStore|iPhone
		{8911133E-5F98-4DA9-AD36-90391636214A}.Debug|Any CPU.ActiveCfg = Debug|iPhoneSimulator
		{8911133E-5F98-4DA9-AD36-90391636214A}.Debug|Any CPU.Build.0 = Debug|iPhoneSimulator
		{8911133E-5F98-4DA9-AD36-90391636214A}.Debug|Any CPU.Deploy.0 = Debug|iPhoneSimulator
		{8911133E-5F98-4DA9-AD36-90391636214A}.Debug|ARM.ActiveCfg = Debug|iPhone
		{8911133E-5F98-4DA9-AD36-90391636214A}.Debug|ARM.Build.0 = Debug|iPhone
		{8911133E-5F98-4DA9-AD36-90391636214A}.Debug|ARM.Deploy.0 = Debug|iPhone
		{8911133E-5F98-4DA9-AD36-90391636214A}.Debug|iPhone.ActiveCfg = Debug|iPhone
		{8911133E-5F98-4DA9-AD36-90391636214A}.Debug|iPhone.Build.0 = Debug|iPhone
		{8911133E-5F98-4DA9-AD36-90391636214A}.Debug|iPhone.Deploy.0 = Debug|iPhone
		{8911133E-5F98-4DA9-AD36-90391636214A}.Debug|iPhoneSimulator.ActiveCfg = Debug|iPhoneSimulator
		{8911133E-5F98-4DA9-AD36-90391636214A}.Debug|iPhoneSimulator.Build.0 = Debug|iPhoneSimulator
		{8911133E-5F98-4DA9-AD36-90391636214A}.Debug|iPhoneSimulator.Deploy.0 = Debug|iPhoneSimulator
		{8911133E-5F98-4DA9-AD36-90391636214A}.Debug|x64.ActiveCfg = Debug|iPhone
		{8911133E-5F98-4DA9-AD36-90391636214A}.Debug|x64.Build.0 = Debug|iPhone
		{8911133E-5F98-4DA9-AD36-90391636214A}.Debug|x64.Deploy.0 = Debug|iPhone
		{8911133E-5F98-4DA9-AD36-90391636214A}.Debug|x86.ActiveCfg = Debug|iPhone
		{8911133E-5F98-4DA9-AD36-90391636214A}.Debug|x86.Build.0 = Debug|iPhone
		{8911133E-5F98-4DA9-AD36-90391636214A}.Debug|x86.Deploy.0 = Debug|iPhone
		{8911133E-5F98-4DA9-AD36-90391636214A}.Release|Any CPU.ActiveCfg = Release|iPhone
		{8911133E-5F98-4DA9-AD36-90391636214A}.Release|Any CPU.Build.0 = Release|iPhone
		{8911133E-5F98-4DA9-AD36-90391636214A}.Release|Any CPU.Deploy.0 = Release|iPhone
		{8911133E-5F98-4DA9-AD36-90391636214A}.Release|ARM.ActiveCfg = Release|iPhone
		{8911133E-5F98-4DA9-AD36-90391636214A}.Release|ARM.Build.0 = Release|iPhone
		{8911133E-5F98-4DA9-AD36-90391636214A}.Release|ARM.Deploy.0 = Release|iPhone
		{8911133E-5F98-4DA9-AD36-90391636214A}.Release|iPhone.ActiveCfg = Release|iPhone
		{8911133E-5F98-4DA9-AD36-90391636214A}.Release|iPhone.Build.0 = Release|iPhone
		{8911133E-5F98-4DA9-AD36-90391636214A}.Release|iPhone.Deploy.0 = Release|iPhone
		{8911133E-5F98-4DA9-AD36-90391636214A}.Release|iPhoneSimulator.ActiveCfg = Release|iPhoneSimulator
		{8911133E-5F98-4DA9-AD36-90391636214A}.Release|iPhoneSimulator.Build.0 = Release|iPhoneSimulator
		{8911133E-5F98-4DA9-AD36-90391636214A}.Release|iPhoneSimulator.Deploy.0 = Release|iPhoneSimulator
		{8911133E-5F98-4DA9-AD36-90391636214A}.Release|x64.ActiveCfg = Release|iPhone
		{8911133E-5F98-4DA9-AD36-90391636214A}.Release|x64.Build.0 = Release|iPhone
		{8911133E-5F98-4DA9-AD36-90391636214A}.Release|x64.Deploy.0 = Release|iPhone
		{8911133E-5F98-4DA9-AD36-90391636214A}.Release|x86.ActiveCfg = Release|iPhone
		{8911133E-5F98-4DA9-AD36-90391636214A}.Release|x86.Build.0 = Release|iPhone
		{8911133E-5F98-4DA9-AD36-90391636214A}.Release|x86.Deploy.0 = Release|iPhone
		{FE71765B-2044-417E-84E4-D128C95B7870}.Ad-Hoc|Any CPU.ActiveCfg = Debug|Any CPU
		{FE71765B-2044-417E-84E4-D128C95B7870}.Ad-Hoc|Any CPU.Build.0 = Debug|Any CPU
		{FE71765B-2044-417E-84E4-D128C95B7870}.Ad-Hoc|Any CPU.Deploy.0 = Debug|Any CPU
		{FE71765B-2044-417E-84E4-D128C95B7870}.Ad-Hoc|ARM.ActiveCfg = Debug|Any CPU
		{FE71765B-2044-417E-84E4-D128C95B7870}.Ad-Hoc|ARM.Build.0 = Debug|Any CPU
		{FE71765B-2044-417E-84E4-D128C95B7870}.Ad-Hoc|ARM.Deploy.0 = Debug|Any CPU
		{FE71765B-2044-417E-84E4-D128C95B7870}.Ad-Hoc|iPhone.ActiveCfg = Debug|Any CPU
		{FE71765B-2044-417E-84E4-D128C95B7870}.Ad-Hoc|iPhone.Build.0 = Debug|Any CPU
		{FE71765B-2044-417E-84E4-D128C95B7870}.Ad-Hoc|iPhone.Deploy.0 = Debug|Any CPU
		{FE71765B-2044-417E-84E4-D128C95B7870}.Ad-Hoc|iPhoneSimulator.ActiveCfg = Debug|Any CPU
		{FE71765B-2044-417E-84E4-D128C95B7870}.Ad-Hoc|iPhoneSimulator.Build.0 = Debug|Any CPU
		{FE71765B-2044-417E-84E4-D128C95B7870}.Ad-Hoc|iPhoneSimulator.Deploy.0 = Debug|Any CPU
		{FE71765B-2044-417E-84E4-D128C95B7870}.Ad-Hoc|x64.ActiveCfg = Debug|Any CPU
		{FE71765B-2044-417E-84E4-D128C95B7870}.Ad-Hoc|x64.Build.0 = Debug|Any CPU
		{FE71765B-2044-417E-84E4-D128C95B7870}.Ad-Hoc|x64.Deploy.0 = Debug|Any CPU
		{FE71765B-2044-417E-84E4-D128C95B7870}.Ad-Hoc|x86.ActiveCfg = Debug|Any CPU
		{FE71765B-2044-417E-84E4-D128C95B7870}.Ad-Hoc|x86.Build.0 = Debug|Any CPU
		{FE71765B-2044-417E-84E4-D128C95B7870}.Ad-Hoc|x86.Deploy.0 = Debug|Any CPU
		{FE71765B-2044-417E-84E4-D128C95B7870}.AppStore|Any CPU.ActiveCfg = Debug|Any CPU
		{FE71765B-2044-417E-84E4-D128C95B7870}.AppStore|Any CPU.Build.0 = Debug|Any CPU
		{FE71765B-2044-417E-84E4-D128C95B7870}.AppStore|Any CPU.Deploy.0 = Debug|Any CPU
		{FE71765B-2044-417E-84E4-D128C95B7870}.AppStore|ARM.ActiveCfg = Debug|Any CPU
		{FE71765B-2044-417E-84E4-D128C95B7870}.AppStore|ARM.Build.0 = Debug|Any CPU
		{FE71765B-2044-417E-84E4-D128C95B7870}.AppStore|ARM.Deploy.0 = Debug|Any CPU
		{FE71765B-2044-417E-84E4-D128C95B7870}.AppStore|iPhone.ActiveCfg = Debug|Any CPU
		{FE71765B-2044-417E-84E4-D128C95B7870}.AppStore|iPhone.Build.0 = Debug|Any CPU
		{FE71765B-2044-417E-84E4-D128C95B7870}.AppStore|iPhone.Deploy.0 = Debug|Any CPU
		{FE71765B-2044-417E-84E4-D128C95B7870}.AppStore|iPhoneSimulator.ActiveCfg = Debug|Any CPU
		{FE71765B-2044-417E-84E4-D128C95B7870}.AppStore|iPhoneSimulator.Build.0 = Debug|Any CPU
		{FE71765B-2044-417E-84E4-D128C95B7870}.AppStore|iPhoneSimulator.Deploy.0 = Debug|Any CPU
		{FE71765B-2044-417E-84E4-D128C95B7870}.AppStore|x64.ActiveCfg = Debug|Any CPU
		{FE71765B-2044-417E-84E4-D128C95B7870}.AppStore|x64.Build.0 = Debug|Any CPU
		{FE71765B-2044-417E-84E4-D128C95B7870}.AppStore|x64.Deploy.0 = Debug|Any CPU
		{FE71765B-2044-417E-84E4-D128C95B7870}.AppStore|x86.ActiveCfg = Debug|Any CPU
		{FE71765B-2044-417E-84E4-D128C95B7870}.AppStore|x86.Build.0 = Debug|Any CPU
		{FE71765B-2044-417E-84E4-D128C95B7870}.AppStore|x86.Deploy.0 = Debug|Any CPU
		{FE71765B-2044-417E-84E4-D128C95B7870}.Debug|Any CPU.ActiveCfg = Debug|Any CPU
		{FE71765B-2044-417E-84E4-D128C95B7870}.Debug|Any CPU.Build.0 = Debug|Any CPU
		{FE71765B-2044-417E-84E4-D128C95B7870}.Debug|Any CPU.Deploy.0 = Debug|Any CPU
		{FE71765B-2044-417E-84E4-D128C95B7870}.Debug|ARM.ActiveCfg = Debug|Any CPU
		{FE71765B-2044-417E-84E4-D128C95B7870}.Debug|ARM.Build.0 = Debug|Any CPU
		{FE71765B-2044-417E-84E4-D128C95B7870}.Debug|ARM.Deploy.0 = Debug|Any CPU
		{FE71765B-2044-417E-84E4-D128C95B7870}.Debug|iPhone.ActiveCfg = Debug|Any CPU
		{FE71765B-2044-417E-84E4-D128C95B7870}.Debug|iPhone.Build.0 = Debug|Any CPU
		{FE71765B-2044-417E-84E4-D128C95B7870}.Debug|iPhone.Deploy.0 = Debug|Any CPU
		{FE71765B-2044-417E-84E4-D128C95B7870}.Debug|iPhoneSimulator.ActiveCfg = Debug|Any CPU
		{FE71765B-2044-417E-84E4-D128C95B7870}.Debug|iPhoneSimulator.Build.0 = Debug|Any CPU
		{FE71765B-2044-417E-84E4-D128C95B7870}.Debug|iPhoneSimulator.Deploy.0 = Debug|Any CPU
		{FE71765B-2044-417E-84E4-D128C95B7870}.Debug|x64.ActiveCfg = Debug|Any CPU
		{FE71765B-2044-417E-84E4-D128C95B7870}.Debug|x64.Build.0 = Debug|Any CPU
		{FE71765B-2044-417E-84E4-D128C95B7870}.Debug|x64.Deploy.0 = Debug|Any CPU
		{FE71765B-2044-417E-84E4-D128C95B7870}.Debug|x86.ActiveCfg = Debug|Any CPU
		{FE71765B-2044-417E-84E4-D128C95B7870}.Debug|x86.Build.0 = Debug|Any CPU
		{FE71765B-2044-417E-84E4-D128C95B7870}.Debug|x86.Deploy.0 = Debug|Any CPU
		{FE71765B-2044-417E-84E4-D128C95B7870}.Release|Any CPU.ActiveCfg = Release|Any CPU
		{FE71765B-2044-417E-84E4-D128C95B7870}.Release|Any CPU.Build.0 = Release|Any CPU
		{FE71765B-2044-417E-84E4-D128C95B7870}.Release|Any CPU.Deploy.0 = Release|Any CPU
		{FE71765B-2044-417E-84E4-D128C95B7870}.Release|ARM.ActiveCfg = Release|Any CPU
		{FE71765B-2044-417E-84E4-D128C95B7870}.Release|ARM.Build.0 = Release|Any CPU
		{FE71765B-2044-417E-84E4-D128C95B7870}.Release|ARM.Deploy.0 = Release|Any CPU
		{FE71765B-2044-417E-84E4-D128C95B7870}.Release|iPhone.ActiveCfg = Release|Any CPU
		{FE71765B-2044-417E-84E4-D128C95B7870}.Release|iPhone.Build.0 = Release|Any CPU
		{FE71765B-2044-417E-84E4-D128C95B7870}.Release|iPhone.Deploy.0 = Release|Any CPU
		{FE71765B-2044-417E-84E4-D128C95B7870}.Release|iPhoneSimulator.ActiveCfg = Release|Any CPU
		{FE71765B-2044-417E-84E4-D128C95B7870}.Release|iPhoneSimulator.Build.0 = Release|Any CPU
		{FE71765B-2044-417E-84E4-D128C95B7870}.Release|iPhoneSimulator.Deploy.0 = Release|Any CPU
		{FE71765B-2044-417E-84E4-D128C95B7870}.Release|x64.ActiveCfg = Release|Any CPU
		{FE71765B-2044-417E-84E4-D128C95B7870}.Release|x64.Build.0 = Release|Any CPU
		{FE71765B-2044-417E-84E4-D128C95B7870}.Release|x64.Deploy.0 = Release|Any CPU
		{FE71765B-2044-417E-84E4-D128C95B7870}.Release|x86.ActiveCfg = Release|Any CPU
		{FE71765B-2044-417E-84E4-D128C95B7870}.Release|x86.Build.0 = Release|Any CPU
		{FE71765B-2044-417E-84E4-D128C95B7870}.Release|x86.Deploy.0 = Release|Any CPU
	EndGlobalSection
	GlobalSection(SolutionProperties) = preSolution
		HideSolutionNode = FALSE
	EndGlobalSection
	GlobalSection(ExtensibilityGlobals) = postSolution
		SolutionGuid = {F602A6CC-2E47-4344-9BBB-74BC722F7951}
	EndGlobalSection
EndGlobal
