
Microsoft Visual Studio Solution File, Format Version 12.00
# Visual Studio 15
VisualStudioVersion = 15.0.26730.16
MinimumVisualStudioVersion = 10.0.40219.1
Project("{D954291E-2A0B-460D-934E-DC6B0785DB48}") = "_18app", "18app\_18app\_18app.shproj", "{E3E5DFBA-ECD5-4876-A2EE-68FCA152AB67}"
EndProject
Project("{FAE04EC0-301F-11D3-BF4B-00C04F79EFBC}") = "_18app.Android", "18app\_18app.Android\_18app.Android.csproj", "{2A69EEC9-AAE4-466D-89F3-AA9328A0DE09}"
EndProject
Project("{FAE04EC0-301F-11D3-BF4B-00C04F79EFBC}") = "_18app.iOS", "18app\_18app.iOS\_18app.iOS.csproj", "{00EDB67A-4B48-421B-A8C9-D4640412EBE1}"
EndProject
Project("{FAE04EC0-301F-11D3-BF4B-00C04F79EFBC}") = "_18app.UWP", "18app\_18app.UWP\_18app.UWP.csproj", "{45DFFA11-BDB3-4201-B0D9-BFC98DF3962B}"
EndProject
Global
	GlobalSection(SharedMSBuildProjectFiles) = preSolution
		18app\_18app\_18app.projitems*{00edb67a-4b48-421b-a8c9-d4640412ebe1}*SharedItemsImports = 4
		18app\_18app\_18app.projitems*{2a69eec9-aae4-466d-89f3-aa9328a0de09}*SharedItemsImports = 4
		18app\_18app\_18app.projitems*{e3e5dfba-ecd5-4876-a2ee-68fca152ab67}*SharedItemsImports = 13
	EndGlobalSection
	GlobalSection(SolutionConfigurationPlatforms) = preSolution
		Ad-Hoc|Any CPU = Ad-Hoc|Any CPU
		Ad-Hoc|ARM = Ad-Hoc|ARM
		Ad-Hoc|iPhone = Ad-Hoc|iPhone
		Ad-Hoc|iPhoneSimulator = Ad-Hoc|iPhoneSimulator
		Ad-Hoc|x64 = Ad-Hoc|x64
		Ad-Hoc|x86 = Ad-Hoc|x86
		AppStore|Any CPU = AppStore|Any CPU
		AppStore|ARM = AppStore|ARM
		AppStore|iPhone = AppStore|iPhone
		AppStore|iPhoneSimulator = AppStore|iPhoneSimulator
		AppStore|x64 = AppStore|x64
		AppStore|x86 = AppStore|x86
		Debug|Any CPU = Debug|Any CPU
		Debug|ARM = Debug|ARM
		Debug|iPhone = Debug|iPhone
		Debug|iPhoneSimulator = Debug|iPhoneSimulator
		Debug|x64 = Debug|x64
		Debug|x86 = Debug|x86
		Release|Any CPU = Release|Any CPU
		Release|ARM = Release|ARM
		Release|iPhone = Release|iPhone
		Release|iPhoneSimulator = Release|iPhoneSimulator
		Release|x64 = Release|x64
		Release|x86 = Release|x86
	EndGlobalSection
	GlobalSection(ProjectConfigurationPlatforms) = postSolution
		{2A69EEC9-AAE4-466D-89F3-AA9328A0DE09}.Ad-Hoc|Any CPU.ActiveCfg = Release|Any CPU
		{2A69EEC9-AAE4-466D-89F3-AA9328A0DE09}.Ad-Hoc|Any CPU.Build.0 = Release|Any CPU
		{2A69EEC9-AAE4-466D-89F3-AA9328A0DE09}.Ad-Hoc|Any CPU.Deploy.0 = Release|Any CPU
		{2A69EEC9-AAE4-466D-89F3-AA9328A0DE09}.Ad-Hoc|ARM.ActiveCfg = Release|Any CPU
		{2A69EEC9-AAE4-466D-89F3-AA9328A0DE09}.Ad-Hoc|ARM.Build.0 = Release|Any CPU
		{2A69EEC9-AAE4-466D-89F3-AA9328A0DE09}.Ad-Hoc|ARM.Deploy.0 = Release|Any CPU
		{2A69EEC9-AAE4-466D-89F3-AA9328A0DE09}.Ad-Hoc|iPhone.ActiveCfg = Release|Any CPU
		{2A69EEC9-AAE4-466D-89F3-AA9328A0DE09}.Ad-Hoc|iPhone.Build.0 = Release|Any CPU
		{2A69EEC9-AAE4-466D-89F3-AA9328A0DE09}.Ad-Hoc|iPhone.Deploy.0 = Release|Any CPU
		{2A69EEC9-AAE4-466D-89F3-AA9328A0DE09}.Ad-Hoc|iPhoneSimulator.ActiveCfg = Release|Any CPU
		{2A69EEC9-AAE4-466D-89F3-AA9328A0DE09}.Ad-Hoc|iPhoneSimulator.Build.0 = Release|Any CPU
		{2A69EEC9-AAE4-466D-89F3-AA9328A0DE09}.Ad-Hoc|iPhoneSimulator.Deploy.0 = Release|Any CPU
		{2A69EEC9-AAE4-466D-89F3-AA9328A0DE09}.Ad-Hoc|x64.ActiveCfg = Release|Any CPU
		{2A69EEC9-AAE4-466D-89F3-AA9328A0DE09}.Ad-Hoc|x64.Build.0 = Release|Any CPU
		{2A69EEC9-AAE4-466D-89F3-AA9328A0DE09}.Ad-Hoc|x64.Deploy.0 = Release|Any CPU
		{2A69EEC9-AAE4-466D-89F3-AA9328A0DE09}.Ad-Hoc|x86.ActiveCfg = Release|Any CPU
		{2A69EEC9-AAE4-466D-89F3-AA9328A0DE09}.Ad-Hoc|x86.Build.0 = Release|Any CPU
		{2A69EEC9-AAE4-466D-89F3-AA9328A0DE09}.Ad-Hoc|x86.Deploy.0 = Release|Any CPU
		{2A69EEC9-AAE4-466D-89F3-AA9328A0DE09}.AppStore|Any CPU.ActiveCfg = Release|Any CPU
		{2A69EEC9-AAE4-466D-89F3-AA9328A0DE09}.AppStore|Any CPU.Build.0 = Release|Any CPU
		{2A69EEC9-AAE4-466D-89F3-AA9328A0DE09}.AppStore|Any CPU.Deploy.0 = Release|Any CPU
		{2A69EEC9-AAE4-466D-89F3-AA9328A0DE09}.AppStore|ARM.ActiveCfg = Release|Any CPU
		{2A69EEC9-AAE4-466D-89F3-AA9328A0DE09}.AppStore|ARM.Build.0 = Release|Any CPU
		{2A69EEC9-AAE4-466D-89F3-AA9328A0DE09}.AppStore|ARM.Deploy.0 = Release|Any CPU
		{2A69EEC9-AAE4-466D-89F3-AA9328A0DE09}.AppStore|iPhone.ActiveCfg = Release|Any CPU
		{2A69EEC9-AAE4-466D-89F3-AA9328A0DE09}.AppStore|iPhone.Build.0 = Release|Any CPU
		{2A69EEC9-AAE4-466D-89F3-AA9328A0DE09}.AppStore|iPhone.Deploy.0 = Release|Any CPU
		{2A69EEC9-AAE4-466D-89F3-AA9328A0DE09}.AppStore|iPhoneSimulator.ActiveCfg = Release|Any CPU
		{2A69EEC9-AAE4-466D-89F3-AA9328A0DE09}.AppStore|iPhoneSimulator.Build.0 = Release|Any CPU
		{2A69EEC9-AAE4-466D-89F3-AA9328A0DE09}.AppStore|iPhoneSimulator.Deploy.0 = Release|Any CPU
		{2A69EEC9-AAE4-466D-89F3-AA9328A0DE09}.AppStore|x64.ActiveCfg = Release|Any CPU
		{2A69EEC9-AAE4-466D-89F3-AA9328A0DE09}.AppStore|x64.Build.0 = Release|Any CPU
		{2A69EEC9-AAE4-466D-89F3-AA9328A0DE09}.AppStore|x64.Deploy.0 = Release|Any CPU
		{2A69EEC9-AAE4-466D-89F3-AA9328A0DE09}.AppStore|x86.ActiveCfg = Release|Any CPU
		{2A69EEC9-AAE4-466D-89F3-AA9328A0DE09}.AppStore|x86.Build.0 = Release|Any CPU
		{2A69EEC9-AAE4-466D-89F3-AA9328A0DE09}.AppStore|x86.Deploy.0 = Release|Any CPU
		{2A69EEC9-AAE4-466D-89F3-AA9328A0DE09}.Debug|Any CPU.ActiveCfg = Debug|Any CPU
		{2A69EEC9-AAE4-466D-89F3-AA9328A0DE09}.Debug|Any CPU.Build.0 = Debug|Any CPU
		{2A69EEC9-AAE4-466D-89F3-AA9328A0DE09}.Debug|Any CPU.Deploy.0 = Debug|Any CPU
		{2A69EEC9-AAE4-466D-89F3-AA9328A0DE09}.Debug|ARM.ActiveCfg = Debug|Any CPU
		{2A69EEC9-AAE4-466D-89F3-AA9328A0DE09}.Debug|ARM.Build.0 = Debug|Any CPU
		{2A69EEC9-AAE4-466D-89F3-AA9328A0DE09}.Debug|ARM.Deploy.0 = Debug|Any CPU
		{2A69EEC9-AAE4-466D-89F3-AA9328A0DE09}.Debug|iPhone.ActiveCfg = Debug|Any CPU
		{2A69EEC9-AAE4-466D-89F3-AA9328A0DE09}.Debug|iPhone.Build.0 = Debug|Any CPU
		{2A69EEC9-AAE4-466D-89F3-AA9328A0DE09}.Debug|iPhone.Deploy.0 = Debug|Any CPU
		{2A69EEC9-AAE4-466D-89F3-AA9328A0DE09}.Debug|iPhoneSimulator.ActiveCfg = Debug|Any CPU
		{2A69EEC9-AAE4-466D-89F3-AA9328A0DE09}.Debug|iPhoneSimulator.Build.0 = Debug|Any CPU
		{2A69EEC9-AAE4-466D-89F3-AA9328A0DE09}.Debug|iPhoneSimulator.Deploy.0 = Debug|Any CPU
		{2A69EEC9-AAE4-466D-89F3-AA9328A0DE09}.Debug|x64.ActiveCfg = Debug|Any CPU
		{2A69EEC9-AAE4-466D-89F3-AA9328A0DE09}.Debug|x64.Build.0 = Debug|Any CPU
		{2A69EEC9-AAE4-466D-89F3-AA9328A0DE09}.Debug|x64.Deploy.0 = Debug|Any CPU
		{2A69EEC9-AAE4-466D-89F3-AA9328A0DE09}.Debug|x86.ActiveCfg = Debug|Any CPU
		{2A69EEC9-AAE4-466D-89F3-AA9328A0DE09}.Debug|x86.Build.0 = Debug|Any CPU
		{2A69EEC9-AAE4-466D-89F3-AA9328A0DE09}.Debug|x86.Deploy.0 = Debug|Any CPU
		{2A69EEC9-AAE4-466D-89F3-AA9328A0DE09}.Release|Any CPU.ActiveCfg = Release|Any CPU
		{2A69EEC9-AAE4-466D-89F3-AA9328A0DE09}.Release|Any CPU.Build.0 = Release|Any CPU
		{2A69EEC9-AAE4-466D-89F3-AA9328A0DE09}.Release|Any CPU.Deploy.0 = Release|Any CPU
		{2A69EEC9-AAE4-466D-89F3-AA9328A0DE09}.Release|ARM.ActiveCfg = Release|Any CPU
		{2A69EEC9-AAE4-466D-89F3-AA9328A0DE09}.Release|ARM.Build.0 = Release|Any CPU
		{2A69EEC9-AAE4-466D-89F3-AA9328A0DE09}.Release|ARM.Deploy.0 = Release|Any CPU
		{2A69EEC9-AAE4-466D-89F3-AA9328A0DE09}.Release|iPhone.ActiveCfg = Release|Any CPU
		{2A69EEC9-AAE4-466D-89F3-AA9328A0DE09}.Release|iPhone.Build.0 = Release|Any CPU
		{2A69EEC9-AAE4-466D-89F3-AA9328A0DE09}.Release|iPhone.Deploy.0 = Release|Any CPU
		{2A69EEC9-AAE4-466D-89F3-AA9328A0DE09}.Release|iPhoneSimulator.ActiveCfg = Release|Any CPU
		{2A69EEC9-AAE4-466D-89F3-AA9328A0DE09}.Release|iPhoneSimulator.Build.0 = Release|Any CPU
		{2A69EEC9-AAE4-466D-89F3-AA9328A0DE09}.Release|iPhoneSimulator.Deploy.0 = Release|Any CPU
		{2A69EEC9-AAE4-466D-89F3-AA9328A0DE09}.Release|x64.ActiveCfg = Release|Any CPU
		{2A69EEC9-AAE4-466D-89F3-AA9328A0DE09}.Release|x64.Build.0 = Release|Any CPU
		{2A69EEC9-AAE4-466D-89F3-AA9328A0DE09}.Release|x64.Deploy.0 = Release|Any CPU
		{2A69EEC9-AAE4-466D-89F3-AA9328A0DE09}.Release|x86.ActiveCfg = Release|Any CPU
		{2A69EEC9-AAE4-466D-89F3-AA9328A0DE09}.Release|x86.Build.0 = Release|Any CPU
		{2A69EEC9-AAE4-466D-89F3-AA9328A0DE09}.Release|x86.Deploy.0 = Release|Any CPU
		{00EDB67A-4B48-421B-A8C9-D4640412EBE1}.Ad-Hoc|Any CPU.ActiveCfg = Ad-Hoc|iPhone
		{00EDB67A-4B48-421B-A8C9-D4640412EBE1}.Ad-Hoc|ARM.ActiveCfg = Ad-Hoc|iPhone
		{00EDB67A-4B48-421B-A8C9-D4640412EBE1}.Ad-Hoc|iPhone.ActiveCfg = Ad-Hoc|iPhone
		{00EDB67A-4B48-421B-A8C9-D4640412EBE1}.Ad-Hoc|iPhone.Build.0 = Ad-Hoc|iPhone
		{00EDB67A-4B48-421B-A8C9-D4640412EBE1}.Ad-Hoc|iPhoneSimulator.ActiveCfg = Ad-Hoc|iPhoneSimulator
		{00EDB67A-4B48-421B-A8C9-D4640412EBE1}.Ad-Hoc|iPhoneSimulator.Build.0 = Ad-Hoc|iPhoneSimulator
		{00EDB67A-4B48-421B-A8C9-D4640412EBE1}.Ad-Hoc|x64.ActiveCfg = Ad-Hoc|iPhone
		{00EDB67A-4B48-421B-A8C9-D4640412EBE1}.Ad-Hoc|x86.ActiveCfg = Ad-Hoc|iPhone
		{00EDB67A-4B48-421B-A8C9-D4640412EBE1}.AppStore|Any CPU.ActiveCfg = AppStore|iPhone
		{00EDB67A-4B48-421B-A8C9-D4640412EBE1}.AppStore|ARM.ActiveCfg = AppStore|iPhone
		{00EDB67A-4B48-421B-A8C9-D4640412EBE1}.AppStore|iPhone.ActiveCfg = AppStore|iPhone
		{00EDB67A-4B48-421B-A8C9-D4640412EBE1}.AppStore|iPhone.Build.0 = AppStore|iPhone
		{00EDB67A-4B48-421B-A8C9-D4640412EBE1}.AppStore|iPhoneSimulator.ActiveCfg = AppStore|iPhoneSimulator
		{00EDB67A-4B48-421B-A8C9-D4640412EBE1}.AppStore|iPhoneSimulator.Build.0 = AppStore|iPhoneSimulator
		{00EDB67A-4B48-421B-A8C9-D4640412EBE1}.AppStore|x64.ActiveCfg = AppStore|iPhone
		{00EDB67A-4B48-421B-A8C9-D4640412EBE1}.AppStore|x86.ActiveCfg = AppStore|iPhone
		{00EDB67A-4B48-421B-A8C9-D4640412EBE1}.Debug|Any CPU.ActiveCfg = Debug|iPhone
		{00EDB67A-4B48-421B-A8C9-D4640412EBE1}.Debug|ARM.ActiveCfg = Debug|iPhone
		{00EDB67A-4B48-421B-A8C9-D4640412EBE1}.Debug|iPhone.ActiveCfg = Debug|iPhone
		{00EDB67A-4B48-421B-A8C9-D4640412EBE1}.Debug|iPhone.Build.0 = Debug|iPhone
		{00EDB67A-4B48-421B-A8C9-D4640412EBE1}.Debug|iPhoneSimulator.ActiveCfg = Debug|iPhoneSimulator
		{00EDB67A-4B48-421B-A8C9-D4640412EBE1}.Debug|iPhoneSimulator.Build.0 = Debug|iPhoneSimulator
		{00EDB67A-4B48-421B-A8C9-D4640412EBE1}.Debug|x64.ActiveCfg = Debug|iPhone
		{00EDB67A-4B48-421B-A8C9-D4640412EBE1}.Debug|x86.ActiveCfg = Debug|iPhone
		{00EDB67A-4B48-421B-A8C9-D4640412EBE1}.Release|Any CPU.ActiveCfg = Release|iPhone
		{00EDB67A-4B48-421B-A8C9-D4640412EBE1}.Release|ARM.ActiveCfg = Release|iPhone
		{00EDB67A-4B48-421B-A8C9-D4640412EBE1}.Release|iPhone.ActiveCfg = Release|iPhone
		{00EDB67A-4B48-421B-A8C9-D4640412EBE1}.Release|iPhone.Build.0 = Release|iPhone
		{00EDB67A-4B48-421B-A8C9-D4640412EBE1}.Release|iPhoneSimulator.ActiveCfg = Release|iPhoneSimulator
		{00EDB67A-4B48-421B-A8C9-D4640412EBE1}.Release|iPhoneSimulator.Build.0 = Release|iPhoneSimulator
		{00EDB67A-4B48-421B-A8C9-D4640412EBE1}.Release|x64.ActiveCfg = Release|iPhone
		{00EDB67A-4B48-421B-A8C9-D4640412EBE1}.Release|x86.ActiveCfg = Release|iPhone
		{45DFFA11-BDB3-4201-B0D9-BFC98DF3962B}.Ad-Hoc|Any CPU.ActiveCfg = Release|x86
		{45DFFA11-BDB3-4201-B0D9-BFC98DF3962B}.Ad-Hoc|Any CPU.Build.0 = Release|x86
		{45DFFA11-BDB3-4201-B0D9-BFC98DF3962B}.Ad-Hoc|Any CPU.Deploy.0 = Release|x86
		{45DFFA11-BDB3-4201-B0D9-BFC98DF3962B}.Ad-Hoc|ARM.ActiveCfg = Release|ARM
		{45DFFA11-BDB3-4201-B0D9-BFC98DF3962B}.Ad-Hoc|ARM.Build.0 = Release|ARM
		{45DFFA11-BDB3-4201-B0D9-BFC98DF3962B}.Ad-Hoc|ARM.Deploy.0 = Release|ARM
		{45DFFA11-BDB3-4201-B0D9-BFC98DF3962B}.Ad-Hoc|iPhone.ActiveCfg = Release|x86
		{45DFFA11-BDB3-4201-B0D9-BFC98DF3962B}.Ad-Hoc|iPhone.Build.0 = Release|x86
		{45DFFA11-BDB3-4201-B0D9-BFC98DF3962B}.Ad-Hoc|iPhone.Deploy.0 = Release|x86
		{45DFFA11-BDB3-4201-B0D9-BFC98DF3962B}.Ad-Hoc|iPhoneSimulator.ActiveCfg = Release|x86
		{45DFFA11-BDB3-4201-B0D9-BFC98DF3962B}.Ad-Hoc|iPhoneSimulator.Build.0 = Release|x86
		{45DFFA11-BDB3-4201-B0D9-BFC98DF3962B}.Ad-Hoc|iPhoneSimulator.Deploy.0 = Release|x86
		{45DFFA11-BDB3-4201-B0D9-BFC98DF3962B}.Ad-Hoc|x64.ActiveCfg = Release|x64
		{45DFFA11-BDB3-4201-B0D9-BFC98DF3962B}.Ad-Hoc|x64.Build.0 = Release|x64
		{45DFFA11-BDB3-4201-B0D9-BFC98DF3962B}.Ad-Hoc|x64.Deploy.0 = Release|x64
		{45DFFA11-BDB3-4201-B0D9-BFC98DF3962B}.Ad-Hoc|x86.ActiveCfg = Release|x86
		{45DFFA11-BDB3-4201-B0D9-BFC98DF3962B}.Ad-Hoc|x86.Build.0 = Release|x86
		{45DFFA11-BDB3-4201-B0D9-BFC98DF3962B}.Ad-Hoc|x86.Deploy.0 = Release|x86
		{45DFFA11-BDB3-4201-B0D9-BFC98DF3962B}.AppStore|Any CPU.ActiveCfg = Release|x86
		{45DFFA11-BDB3-4201-B0D9-BFC98DF3962B}.AppStore|Any CPU.Build.0 = Release|x86
		{45DFFA11-BDB3-4201-B0D9-BFC98DF3962B}.AppStore|Any CPU.Deploy.0 = Release|x86
		{45DFFA11-BDB3-4201-B0D9-BFC98DF3962B}.AppStore|ARM.ActiveCfg = Release|ARM
		{45DFFA11-BDB3-4201-B0D9-BFC98DF3962B}.AppStore|ARM.Build.0 = Release|ARM
		{45DFFA11-BDB3-4201-B0D9-BFC98DF3962B}.AppStore|ARM.Deploy.0 = Release|ARM
		{45DFFA11-BDB3-4201-B0D9-BFC98DF3962B}.AppStore|iPhone.ActiveCfg = Release|x86
		{45DFFA11-BDB3-4201-B0D9-BFC98DF3962B}.AppStore|iPhone.Build.0 = Release|x86
		{45DFFA11-BDB3-4201-B0D9-BFC98DF3962B}.AppStore|iPhone.Deploy.0 = Release|x86
		{45DFFA11-BDB3-4201-B0D9-BFC98DF3962B}.AppStore|iPhoneSimulator.ActiveCfg = Release|x86
		{45DFFA11-BDB3-4201-B0D9-BFC98DF3962B}.AppStore|iPhoneSimulator.Build.0 = Release|x86
		{45DFFA11-BDB3-4201-B0D9-BFC98DF3962B}.AppStore|iPhoneSimulator.Deploy.0 = Release|x86
		{45DFFA11-BDB3-4201-B0D9-BFC98DF3962B}.AppStore|x64.ActiveCfg = Release|x64
		{45DFFA11-BDB3-4201-B0D9-BFC98DF3962B}.AppStore|x64.Build.0 = Release|x64
		{45DFFA11-BDB3-4201-B0D9-BFC98DF3962B}.AppStore|x64.Deploy.0 = Release|x64
		{45DFFA11-BDB3-4201-B0D9-BFC98DF3962B}.AppStore|x86.ActiveCfg = Release|x86
		{45DFFA11-BDB3-4201-B0D9-BFC98DF3962B}.AppStore|x86.Build.0 = Release|x86
		{45DFFA11-BDB3-4201-B0D9-BFC98DF3962B}.AppStore|x86.Deploy.0 = Release|x86
		{45DFFA11-BDB3-4201-B0D9-BFC98DF3962B}.Debug|Any CPU.ActiveCfg = Debug|x86
		{45DFFA11-BDB3-4201-B0D9-BFC98DF3962B}.Debug|ARM.ActiveCfg = Debug|ARM
		{45DFFA11-BDB3-4201-B0D9-BFC98DF3962B}.Debug|ARM.Build.0 = Debug|ARM
		{45DFFA11-BDB3-4201-B0D9-BFC98DF3962B}.Debug|ARM.Deploy.0 = Debug|ARM
		{45DFFA11-BDB3-4201-B0D9-BFC98DF3962B}.Debug|iPhone.ActiveCfg = Debug|x86
		{45DFFA11-BDB3-4201-B0D9-BFC98DF3962B}.Debug|iPhoneSimulator.ActiveCfg = Debug|x86
		{45DFFA11-BDB3-4201-B0D9-BFC98DF3962B}.Debug|x64.ActiveCfg = Debug|x64
		{45DFFA11-BDB3-4201-B0D9-BFC98DF3962B}.Debug|x64.Build.0 = Debug|x64
		{45DFFA11-BDB3-4201-B0D9-BFC98DF3962B}.Debug|x64.Deploy.0 = Debug|x64
		{45DFFA11-BDB3-4201-B0D9-BFC98DF3962B}.Debug|x86.ActiveCfg = Debug|x86
		{45DFFA11-BDB3-4201-B0D9-BFC98DF3962B}.Debug|x86.Build.0 = Debug|x86
		{45DFFA11-BDB3-4201-B0D9-BFC98DF3962B}.Debug|x86.Deploy.0 = Debug|x86
		{45DFFA11-BDB3-4201-B0D9-BFC98DF3962B}.Release|Any CPU.ActiveCfg = Release|x86
		{45DFFA11-BDB3-4201-B0D9-BFC98DF3962B}.Release|ARM.ActiveCfg = Release|ARM
		{45DFFA11-BDB3-4201-B0D9-BFC98DF3962B}.Release|ARM.Build.0 = Release|ARM
		{45DFFA11-BDB3-4201-B0D9-BFC98DF3962B}.Release|ARM.Deploy.0 = Release|ARM
		{45DFFA11-BDB3-4201-B0D9-BFC98DF3962B}.Release|iPhone.ActiveCfg = Release|x86
		{45DFFA11-BDB3-4201-B0D9-BFC98DF3962B}.Release|iPhoneSimulator.ActiveCfg = Release|x86
		{45DFFA11-BDB3-4201-B0D9-BFC98DF3962B}.Release|x64.ActiveCfg = Release|x64
		{45DFFA11-BDB3-4201-B0D9-BFC98DF3962B}.Release|x64.Build.0 = Release|x64
		{45DFFA11-BDB3-4201-B0D9-BFC98DF3962B}.Release|x64.Deploy.0 = Release|x64
		{45DFFA11-BDB3-4201-B0D9-BFC98DF3962B}.Release|x86.ActiveCfg = Release|x86
		{45DFFA11-BDB3-4201-B0D9-BFC98DF3962B}.Release|x86.Build.0 = Release|x86
		{45DFFA11-BDB3-4201-B0D9-BFC98DF3962B}.Release|x86.Deploy.0 = Release|x86
	EndGlobalSection
	GlobalSection(SolutionProperties) = preSolution
		HideSolutionNode = FALSE
	EndGlobalSection
	GlobalSection(ExtensibilityGlobals) = postSolution
		SolutionGuid = {0052771E-1313-4C19-972E-48D1DE1BE76E}
	EndGlobalSection
EndGlobal
